Microsoft Visual Studio Solution File, Format Version 11.00
# Visual Studio 2010
Project("{FAE04EC0-301F-11D3-BF4B-00C04F79EFBC}") = "CustomsForgeSongManager", "CustomsForgeSongManager\CustomsForgeSongManager.csproj", "{25E15C6A-AEAE-4958-80EA-44062DF402F7}"
EndProject
Project("{FAE04EC0-301F-11D3-BF4B-00C04F79EFBC}") = "CFSM.AudioTools", "CFSM.Libraries\CFSM.AudioTools\CFSM.AudioTools.csproj", "{6D8C3FE6-5855-4B6C-BD2B-51954342DBEE}"
EndProject
Project("{FAE04EC0-301F-11D3-BF4B-00C04F79EFBC}") = "CFSM.ImageTools", "CFSM.Libraries\CFSM.ImageTools\CFSM.ImageTools.csproj", "{E6565985-C477-46F4-8A42-08E04CD40B65}"
EndProject
Project("{FAE04EC0-301F-11D3-BF4B-00C04F79EFBC}") = "CFSM.Tests", "CFSM.Libraries\CFSM.Tests\CFSM.Tests.csproj", "{9C36009D-1BB2-40FA-882A-094EA69B2C92}"
EndProject
Project("{FAE04EC0-301F-11D3-BF4B-00C04F79EFBC}") = "DataGridViewTools", "CFSM.Libraries\DataGridViewTools\DataGridViewTools.csproj", "{5A4B4B14-D3B5-4D54-80EC-0877C1E6E73A}"
EndProject
Project("{FAE04EC0-301F-11D3-BF4B-00C04F79EFBC}") = "DF.WinForms.ThemeLib", "CFSM.Libraries\DF.WinForms.ThemeLib\DF.WinForms.ThemeLib.csproj", "{E3A2283B-A2B8-46E5-AF49-DF6CD156EB0D}"
EndProject
Project("{FAE04EC0-301F-11D3-BF4B-00C04F79EFBC}") = "CFSM.GenTools", "CFSM.Libraries\CFSM.GenTools\CFSM.GenTools.csproj", "{21357BB0-4C21-4244-AF9F-DD59FC0F616A}"
EndProject
Project("{FAE04EC0-301F-11D3-BF4B-00C04F79EFBC}") = "CFSM.RSTKLib", "CFSM.Libraries\CFSM.RSTKLib\CFSM.RSTKLib.csproj", "{B59A7CDF-086B-4B94-A917-4CFA4D42F981}"
EndProject
Global
	GlobalSection(SolutionConfigurationPlatforms) = preSolution
		ConfuserExRelease|x86 = ConfuserExRelease|x86
		Debug|x86 = Debug|x86
		InnoInstaller|x86 = InnoInstaller|x86
		PublishBeta|x86 = PublishBeta|x86
		PublishRelease|x86 = PublishRelease|x86
		Release|x86 = Release|x86
	EndGlobalSection
	GlobalSection(ProjectConfigurationPlatforms) = postSolution
		{25E15C6A-AEAE-4958-80EA-44062DF402F7}.ConfuserExRelease|x86.ActiveCfg = ConfuserExRelease|x86
		{25E15C6A-AEAE-4958-80EA-44062DF402F7}.ConfuserExRelease|x86.Build.0 = ConfuserExRelease|x86
		{25E15C6A-AEAE-4958-80EA-44062DF402F7}.Debug|x86.ActiveCfg = Debug|x86
		{25E15C6A-AEAE-4958-80EA-44062DF402F7}.Debug|x86.Build.0 = Debug|x86
		{25E15C6A-AEAE-4958-80EA-44062DF402F7}.InnoInstaller|x86.ActiveCfg = InnoInstaller|x86
		{25E15C6A-AEAE-4958-80EA-44062DF402F7}.InnoInstaller|x86.Build.0 = InnoInstaller|x86
		{25E15C6A-AEAE-4958-80EA-44062DF402F7}.PublishBeta|x86.ActiveCfg = PublishBeta|x86
		{25E15C6A-AEAE-4958-80EA-44062DF402F7}.PublishBeta|x86.Build.0 = PublishBeta|x86
		{25E15C6A-AEAE-4958-80EA-44062DF402F7}.PublishRelease|x86.ActiveCfg = PublishRelease|x86
		{25E15C6A-AEAE-4958-80EA-44062DF402F7}.PublishRelease|x86.Build.0 = PublishRelease|x86
		{25E15C6A-AEAE-4958-80EA-44062DF402F7}.Release|x86.ActiveCfg = Release|x86
		{25E15C6A-AEAE-4958-80EA-44062DF402F7}.Release|x86.Build.0 = Release|x86
		{6D8C3FE6-5855-4B6C-BD2B-51954342DBEE}.ConfuserExRelease|x86.ActiveCfg = Release|x86
		{6D8C3FE6-5855-4B6C-BD2B-51954342DBEE}.ConfuserExRelease|x86.Build.0 = Release|x86
		{6D8C3FE6-5855-4B6C-BD2B-51954342DBEE}.Debug|x86.ActiveCfg = Debug|x86
		{6D8C3FE6-5855-4B6C-BD2B-51954342DBEE}.Debug|x86.Build.0 = Debug|x86
		{6D8C3FE6-5855-4B6C-BD2B-51954342DBEE}.InnoInstaller|x86.ActiveCfg = Release|x86
		{6D8C3FE6-5855-4B6C-BD2B-51954342DBEE}.InnoInstaller|x86.Build.0 = Release|x86
		{6D8C3FE6-5855-4B6C-BD2B-51954342DBEE}.PublishBeta|x86.ActiveCfg = Release|x86
		{6D8C3FE6-5855-4B6C-BD2B-51954342DBEE}.PublishBeta|x86.Build.0 = Release|x86
		{6D8C3FE6-5855-4B6C-BD2B-51954342DBEE}.PublishRelease|x86.ActiveCfg = Release|x86
		{6D8C3FE6-5855-4B6C-BD2B-51954342DBEE}.PublishRelease|x86.Build.0 = Release|x86
		{6D8C3FE6-5855-4B6C-BD2B-51954342DBEE}.Release|x86.ActiveCfg = Release|x86
		{6D8C3FE6-5855-4B6C-BD2B-51954342DBEE}.Release|x86.Build.0 = Release|x86
		{E6565985-C477-46F4-8A42-08E04CD40B65}.ConfuserExRelease|x86.ActiveCfg = Release|x86
		{E6565985-C477-46F4-8A42-08E04CD40B65}.ConfuserExRelease|x86.Build.0 = Release|x86
		{E6565985-C477-46F4-8A42-08E04CD40B65}.Debug|x86.ActiveCfg = Debug|x86
		{E6565985-C477-46F4-8A42-08E04CD40B65}.Debug|x86.Build.0 = Debug|x86
		{E6565985-C477-46F4-8A42-08E04CD40B65}.InnoInstaller|x86.ActiveCfg = Release|x86
		{E6565985-C477-46F4-8A42-08E04CD40B65}.InnoInstaller|x86.Build.0 = Release|x86
		{E6565985-C477-46F4-8A42-08E04CD40B65}.PublishBeta|x86.ActiveCfg = Release|x86
		{E6565985-C477-46F4-8A42-08E04CD40B65}.PublishBeta|x86.Build.0 = Release|x86
		{E6565985-C477-46F4-8A42-08E04CD40B65}.PublishRelease|x86.ActiveCfg = Release|x86
		{E6565985-C477-46F4-8A42-08E04CD40B65}.PublishRelease|x86.Build.0 = Release|x86
		{E6565985-C477-46F4-8A42-08E04CD40B65}.Release|x86.ActiveCfg = Release|x86
		{E6565985-C477-46F4-8A42-08E04CD40B65}.Release|x86.Build.0 = Release|x86
		{9C36009D-1BB2-40FA-882A-094EA69B2C92}.ConfuserExRelease|x86.ActiveCfg = Release|x86
		{9C36009D-1BB2-40FA-882A-094EA69B2C92}.ConfuserExRelease|x86.Build.0 = Release|x86
		{9C36009D-1BB2-40FA-882A-094EA69B2C92}.Debug|x86.ActiveCfg = Debug|x86
		{9C36009D-1BB2-40FA-882A-094EA69B2C92}.Debug|x86.Build.0 = Debug|x86
		{9C36009D-1BB2-40FA-882A-094EA69B2C92}.InnoInstaller|x86.ActiveCfg = Release|x86
		{9C36009D-1BB2-40FA-882A-094EA69B2C92}.InnoInstaller|x86.Build.0 = Release|x86
		{9C36009D-1BB2-40FA-882A-094EA69B2C92}.PublishBeta|x86.ActiveCfg = Release|x86
		{9C36009D-1BB2-40FA-882A-094EA69B2C92}.PublishBeta|x86.Build.0 = Release|x86
		{9C36009D-1BB2-40FA-882A-094EA69B2C92}.PublishRelease|x86.ActiveCfg = Release|x86
		{9C36009D-1BB2-40FA-882A-094EA69B2C92}.PublishRelease|x86.Build.0 = Release|x86
		{9C36009D-1BB2-40FA-882A-094EA69B2C92}.Release|x86.ActiveCfg = Release|x86
		{9C36009D-1BB2-40FA-882A-094EA69B2C92}.Release|x86.Build.0 = Release|x86
		{5A4B4B14-D3B5-4D54-80EC-0877C1E6E73A}.ConfuserExRelease|x86.ActiveCfg = Release|x86
		{5A4B4B14-D3B5-4D54-80EC-0877C1E6E73A}.ConfuserExRelease|x86.Build.0 = Release|x86
		{5A4B4B14-D3B5-4D54-80EC-0877C1E6E73A}.Debug|x86.ActiveCfg = Debug|x86
		{5A4B4B14-D3B5-4D54-80EC-0877C1E6E73A}.Debug|x86.Build.0 = Debug|x86
		{5A4B4B14-D3B5-4D54-80EC-0877C1E6E73A}.InnoInstaller|x86.ActiveCfg = Release|x86
		{5A4B4B14-D3B5-4D54-80EC-0877C1E6E73A}.InnoInstaller|x86.Build.0 = Release|x86
		{5A4B4B14-D3B5-4D54-80EC-0877C1E6E73A}.PublishBeta|x86.ActiveCfg = Release|x86
		{5A4B4B14-D3B5-4D54-80EC-0877C1E6E73A}.PublishBeta|x86.Build.0 = Release|x86
		{5A4B4B14-D3B5-4D54-80EC-0877C1E6E73A}.PublishRelease|x86.ActiveCfg = Release|x86
		{5A4B4B14-D3B5-4D54-80EC-0877C1E6E73A}.PublishRelease|x86.Build.0 = Release|x86
		{5A4B4B14-D3B5-4D54-80EC-0877C1E6E73A}.Release|x86.ActiveCfg = Release|x86
		{5A4B4B14-D3B5-4D54-80EC-0877C1E6E73A}.Release|x86.Build.0 = Release|x86
		{E3A2283B-A2B8-46E5-AF49-DF6CD156EB0D}.ConfuserExRelease|x86.ActiveCfg = Release|x86
		{E3A2283B-A2B8-46E5-AF49-DF6CD156EB0D}.ConfuserExRelease|x86.Build.0 = Release|x86
		{E3A2283B-A2B8-46E5-AF49-DF6CD156EB0D}.Debug|x86.ActiveCfg = Debug|x86
		{E3A2283B-A2B8-46E5-AF49-DF6CD156EB0D}.Debug|x86.Build.0 = Debug|x86
		{E3A2283B-A2B8-46E5-AF49-DF6CD156EB0D}.InnoInstaller|x86.ActiveCfg = Release|x86
		{E3A2283B-A2B8-46E5-AF49-DF6CD156EB0D}.InnoInstaller|x86.Build.0 = Release|x86
		{E3A2283B-A2B8-46E5-AF49-DF6CD156EB0D}.PublishBeta|x86.ActiveCfg = Release|x86
		{E3A2283B-A2B8-46E5-AF49-DF6CD156EB0D}.PublishBeta|x86.Build.0 = Release|x86
		{E3A2283B-A2B8-46E5-AF49-DF6CD156EB0D}.PublishRelease|x86.ActiveCfg = Release|x86
		{E3A2283B-A2B8-46E5-AF49-DF6CD156EB0D}.PublishRelease|x86.Build.0 = Release|x86
		{E3A2283B-A2B8-46E5-AF49-DF6CD156EB0D}.Release|x86.ActiveCfg = Release|x86
		{E3A2283B-A2B8-46E5-AF49-DF6CD156EB0D}.Release|x86.Build.0 = Release|x86
		{21357BB0-4C21-4244-AF9F-DD59FC0F616A}.ConfuserExRelease|x86.ActiveCfg = Release|x86
		{21357BB0-4C21-4244-AF9F-DD59FC0F616A}.ConfuserExRelease|x86.Build.0 = Release|x86
		{21357BB0-4C21-4244-AF9F-DD59FC0F616A}.Debug|x86.ActiveCfg = Debug|x86
		{21357BB0-4C21-4244-AF9F-DD59FC0F616A}.Debug|x86.Build.0 = Debug|x86
		{21357BB0-4C21-4244-AF9F-DD59FC0F616A}.InnoInstaller|x86.ActiveCfg = Release|x86
		{21357BB0-4C21-4244-AF9F-DD59FC0F616A}.InnoInstaller|x86.Build.0 = Release|x86
		{21357BB0-4C21-4244-AF9F-DD59FC0F616A}.PublishBeta|x86.ActiveCfg = Release|x86
		{21357BB0-4C21-4244-AF9F-DD59FC0F616A}.PublishBeta|x86.Build.0 = Release|x86
		{21357BB0-4C21-4244-AF9F-DD59FC0F616A}.PublishRelease|x86.ActiveCfg = Release|x86
		{21357BB0-4C21-4244-AF9F-DD59FC0F616A}.PublishRelease|x86.Build.0 = Release|x86
		{21357BB0-4C21-4244-AF9F-DD59FC0F616A}.Release|x86.ActiveCfg = Release|x86
		{21357BB0-4C21-4244-AF9F-DD59FC0F616A}.Release|x86.Build.0 = Release|x86
		{B59A7CDF-086B-4B94-A917-4CFA4D42F981}.ConfuserExRelease|x86.ActiveCfg = Release|x86
		{B59A7CDF-086B-4B94-A917-4CFA4D42F981}.ConfuserExRelease|x86.Build.0 = Release|x86
		{B59A7CDF-086B-4B94-A917-4CFA4D42F981}.Debug|x86.ActiveCfg = Debug|x86
		{B59A7CDF-086B-4B94-A917-4CFA4D42F981}.Debug|x86.Build.0 = Debug|x86
		{B59A7CDF-086B-4B94-A917-4CFA4D42F981}.InnoInstaller|x86.ActiveCfg = Release|x86
		{B59A7CDF-086B-4B94-A917-4CFA4D42F981}.InnoInstaller|x86.Build.0 = Release|x86
		{B59A7CDF-086B-4B94-A917-4CFA4D42F981}.PublishBeta|x86.ActiveCfg = Release|x86
		{B59A7CDF-086B-4B94-A917-4CFA4D42F981}.PublishBeta|x86.Build.0 = Release|x86
		{B59A7CDF-086B-4B94-A917-4CFA4D42F981}.PublishRelease|x86.ActiveCfg = Release|x86
		{B59A7CDF-086B-4B94-A917-4CFA4D42F981}.PublishRelease|x86.Build.0 = Release|x86
		{B59A7CDF-086B-4B94-A917-4CFA4D42F981}.Release|x86.ActiveCfg = Release|x86
		{B59A7CDF-086B-4B94-A917-4CFA4D42F981}.Release|x86.Build.0 = Release|x86
	EndGlobalSection
	GlobalSection(SolutionProperties) = preSolution
		HideSolutionNode = FALSE
	EndGlobalSection
EndGlobal
