Microsoft Visual Studio Solution File, Format Version 11.00
# Visual Studio 2010
Project("{FAE04EC0-301F-11D3-BF4B-00C04F79EFBC}") = "CustomsForgeSongManager", "CustomsForgeSongManager\CustomsForgeSongManager.csproj", "{25E15C6A-AEAE-4958-80EA-44062DF402F7}"
EndProject
Project("{FAE04EC0-301F-11D3-BF4B-00C04F79EFBC}") = "CFSM.AudioTools", "CFSM.Libraries\CFSM.AudioTools\CFSM.AudioTools.csproj", "{6D8C3FE6-5855-4B6C-BD2B-51954342DBEE}"
EndProject
Project("{FAE04EC0-301F-11D3-BF4B-00C04F79EFBC}") = "CFSM.ImageTools", "CFSM.Libraries\CFSM.ImageTools\CFSM.ImageTools.csproj", "{E6565985-C477-46F4-8A42-08E04CD40B65}"
EndProject
Project("{FAE04EC0-301F-11D3-BF4B-00C04F79EFBC}") = "CFSM.Tests", "CFSM.Libraries\CFSM.Tests\CFSM.Tests.csproj", "{9C36009D-1BB2-40FA-882A-094EA69B2C92}"
EndProject
Project("{FAE04EC0-301F-11D3-BF4B-00C04F79EFBC}") = "DataGridViewTools", "CFSM.Libraries\DataGridViewTools\DataGridViewTools.csproj", "{5A4B4B14-D3B5-4D54-80EC-0877C1E6E73A}"
EndProject
Project("{FAE04EC0-301F-11D3-BF4B-00C04F79EFBC}") = "DF.WinForms.ThemeLib", "CFSM.Libraries\DF.WinForms.ThemeLib\DF.WinForms.ThemeLib.csproj", "{E3A2283B-A2B8-46E5-AF49-DF6CD156EB0D}"
EndProject
Project("{FAE04EC0-301F-11D3-BF4B-00C04F79EFBC}") = "CFSM.RSTKLib", "CFSM.Libraries\CFSM.RSTKLib\CFSM.RSTKLib.csproj", "{B59A7CDF-086B-4B94-A917-4CFA4D42F981}"
EndProject
Project("{FAE04EC0-301F-11D3-BF4B-00C04F79EFBC}") = "CustomControls", "CFSM.Libraries\CustomControls\CustomControls.csproj", "{CBB57466-4341-49BC-A61D-43A7CC656A95}"
EndProject
Project("{FAE04EC0-301F-11D3-BF4B-00C04F79EFBC}") = "GenTools", "CFSM.Libraries\GenTools\GenTools.csproj", "{41EA9CF7-BF72-4243-98A8-5BF16BCD90AD}"
EndProject
Global
	GlobalSection(SolutionConfigurationPlatforms) = preSolution
		ConfuserEx|Any CPU = ConfuserEx|Any CPU
		ConfuserEx|Mixed Platforms = ConfuserEx|Mixed Platforms
		ConfuserEx|x86 = ConfuserEx|x86
		Debug|Any CPU = Debug|Any CPU
		Debug|Mixed Platforms = Debug|Mixed Platforms
		Debug|x86 = Debug|x86
		InnoBeta|Any CPU = InnoBeta|Any CPU
		InnoBeta|Mixed Platforms = InnoBeta|Mixed Platforms
		InnoBeta|x86 = InnoBeta|x86
		InnoRelease|Any CPU = InnoRelease|Any CPU
		InnoRelease|Mixed Platforms = InnoRelease|Mixed Platforms
		InnoRelease|x86 = InnoRelease|x86
		Release|Any CPU = Release|Any CPU
		Release|Mixed Platforms = Release|Mixed Platforms
		Release|x86 = Release|x86
	EndGlobalSection
	GlobalSection(ProjectConfigurationPlatforms) = postSolution
		{25E15C6A-AEAE-4958-80EA-44062DF402F7}.ConfuserEx|Any CPU.ActiveCfg = ConfuserEx|x86
		{25E15C6A-AEAE-4958-80EA-44062DF402F7}.ConfuserEx|Mixed Platforms.ActiveCfg = ConfuserEx|x86
		{25E15C6A-AEAE-4958-80EA-44062DF402F7}.ConfuserEx|Mixed Platforms.Build.0 = ConfuserEx|x86
		{25E15C6A-AEAE-4958-80EA-44062DF402F7}.ConfuserEx|x86.ActiveCfg = ConfuserEx|x86
		{25E15C6A-AEAE-4958-80EA-44062DF402F7}.ConfuserEx|x86.Build.0 = ConfuserEx|x86
		{25E15C6A-AEAE-4958-80EA-44062DF402F7}.Debug|Any CPU.ActiveCfg = Debug|x86
		{25E15C6A-AEAE-4958-80EA-44062DF402F7}.Debug|Mixed Platforms.ActiveCfg = Debug|x86
		{25E15C6A-AEAE-4958-80EA-44062DF402F7}.Debug|Mixed Platforms.Build.0 = Debug|x86
		{25E15C6A-AEAE-4958-80EA-44062DF402F7}.Debug|x86.ActiveCfg = Debug|x86
		{25E15C6A-AEAE-4958-80EA-44062DF402F7}.Debug|x86.Build.0 = Debug|x86
		{25E15C6A-AEAE-4958-80EA-44062DF402F7}.InnoBeta|Any CPU.ActiveCfg = InnoBeta|x86
		{25E15C6A-AEAE-4958-80EA-44062DF402F7}.InnoBeta|Mixed Platforms.ActiveCfg = InnoBeta|x86
		{25E15C6A-AEAE-4958-80EA-44062DF402F7}.InnoBeta|Mixed Platforms.Build.0 = InnoBeta|x86
		{25E15C6A-AEAE-4958-80EA-44062DF402F7}.InnoBeta|x86.ActiveCfg = InnoBeta|x86
		{25E15C6A-AEAE-4958-80EA-44062DF402F7}.InnoBeta|x86.Build.0 = InnoBeta|x86
		{25E15C6A-AEAE-4958-80EA-44062DF402F7}.InnoRelease|Any CPU.ActiveCfg = InnoRelease|x86
		{25E15C6A-AEAE-4958-80EA-44062DF402F7}.InnoRelease|Mixed Platforms.ActiveCfg = InnoRelease|x86
		{25E15C6A-AEAE-4958-80EA-44062DF402F7}.InnoRelease|Mixed Platforms.Build.0 = InnoRelease|x86
		{25E15C6A-AEAE-4958-80EA-44062DF402F7}.InnoRelease|x86.ActiveCfg = InnoRelease|x86
		{25E15C6A-AEAE-4958-80EA-44062DF402F7}.InnoRelease|x86.Build.0 = InnoRelease|x86
		{25E15C6A-AEAE-4958-80EA-44062DF402F7}.Release|Any CPU.ActiveCfg = Release|x86
		{25E15C6A-AEAE-4958-80EA-44062DF402F7}.Release|Mixed Platforms.ActiveCfg = Release|x86
		{25E15C6A-AEAE-4958-80EA-44062DF402F7}.Release|Mixed Platforms.Build.0 = Release|x86
		{25E15C6A-AEAE-4958-80EA-44062DF402F7}.Release|x86.ActiveCfg = Release|x86
		{25E15C6A-AEAE-4958-80EA-44062DF402F7}.Release|x86.Build.0 = Release|x86
		{6D8C3FE6-5855-4B6C-BD2B-51954342DBEE}.ConfuserEx|Any CPU.ActiveCfg = Release|x86
		{6D8C3FE6-5855-4B6C-BD2B-51954342DBEE}.ConfuserEx|Mixed Platforms.ActiveCfg = Release|x86
		{6D8C3FE6-5855-4B6C-BD2B-51954342DBEE}.ConfuserEx|Mixed Platforms.Build.0 = Release|x86
		{6D8C3FE6-5855-4B6C-BD2B-51954342DBEE}.ConfuserEx|x86.ActiveCfg = Debug|x86
		{6D8C3FE6-5855-4B6C-BD2B-51954342DBEE}.ConfuserEx|x86.Build.0 = Debug|x86
		{6D8C3FE6-5855-4B6C-BD2B-51954342DBEE}.Debug|Any CPU.ActiveCfg = Debug|x86
		{6D8C3FE6-5855-4B6C-BD2B-51954342DBEE}.Debug|Mixed Platforms.ActiveCfg = Debug|x86
		{6D8C3FE6-5855-4B6C-BD2B-51954342DBEE}.Debug|Mixed Platforms.Build.0 = Debug|x86
		{6D8C3FE6-5855-4B6C-BD2B-51954342DBEE}.Debug|x86.ActiveCfg = Debug|x86
		{6D8C3FE6-5855-4B6C-BD2B-51954342DBEE}.Debug|x86.Build.0 = Debug|x86
		{6D8C3FE6-5855-4B6C-BD2B-51954342DBEE}.InnoBeta|Any CPU.ActiveCfg = Release|x86
		{6D8C3FE6-5855-4B6C-BD2B-51954342DBEE}.InnoBeta|Mixed Platforms.ActiveCfg = Release|x86
		{6D8C3FE6-5855-4B6C-BD2B-51954342DBEE}.InnoBeta|Mixed Platforms.Build.0 = Release|x86
		{6D8C3FE6-5855-4B6C-BD2B-51954342DBEE}.InnoBeta|x86.ActiveCfg = Debug|x86
		{6D8C3FE6-5855-4B6C-BD2B-51954342DBEE}.InnoBeta|x86.Build.0 = Debug|x86
		{6D8C3FE6-5855-4B6C-BD2B-51954342DBEE}.InnoRelease|Any CPU.ActiveCfg = Release|x86
		{6D8C3FE6-5855-4B6C-BD2B-51954342DBEE}.InnoRelease|Mixed Platforms.ActiveCfg = Release|x86
		{6D8C3FE6-5855-4B6C-BD2B-51954342DBEE}.InnoRelease|Mixed Platforms.Build.0 = Release|x86
		{6D8C3FE6-5855-4B6C-BD2B-51954342DBEE}.InnoRelease|x86.ActiveCfg = Release|x86
		{6D8C3FE6-5855-4B6C-BD2B-51954342DBEE}.InnoRelease|x86.Build.0 = Release|x86
		{6D8C3FE6-5855-4B6C-BD2B-51954342DBEE}.Release|Any CPU.ActiveCfg = Release|x86
		{6D8C3FE6-5855-4B6C-BD2B-51954342DBEE}.Release|Mixed Platforms.ActiveCfg = Release|x86
		{6D8C3FE6-5855-4B6C-BD2B-51954342DBEE}.Release|Mixed Platforms.Build.0 = Release|x86
		{6D8C3FE6-5855-4B6C-BD2B-51954342DBEE}.Release|x86.ActiveCfg = Release|x86
		{6D8C3FE6-5855-4B6C-BD2B-51954342DBEE}.Release|x86.Build.0 = Release|x86
		{E6565985-C477-46F4-8A42-08E04CD40B65}.ConfuserEx|Any CPU.ActiveCfg = Release|x86
		{E6565985-C477-46F4-8A42-08E04CD40B65}.ConfuserEx|Mixed Platforms.ActiveCfg = Release|x86
		{E6565985-C477-46F4-8A42-08E04CD40B65}.ConfuserEx|Mixed Platforms.Build.0 = Release|x86
		{E6565985-C477-46F4-8A42-08E04CD40B65}.ConfuserEx|x86.ActiveCfg = Debug|x86
		{E6565985-C477-46F4-8A42-08E04CD40B65}.ConfuserEx|x86.Build.0 = Debug|x86
		{E6565985-C477-46F4-8A42-08E04CD40B65}.Debug|Any CPU.ActiveCfg = Debug|x86
		{E6565985-C477-46F4-8A42-08E04CD40B65}.Debug|Mixed Platforms.ActiveCfg = Debug|x86
		{E6565985-C477-46F4-8A42-08E04CD40B65}.Debug|Mixed Platforms.Build.0 = Debug|x86
		{E6565985-C477-46F4-8A42-08E04CD40B65}.Debug|x86.ActiveCfg = Debug|x86
		{E6565985-C477-46F4-8A42-08E04CD40B65}.Debug|x86.Build.0 = Debug|x86
		{E6565985-C477-46F4-8A42-08E04CD40B65}.InnoBeta|Any CPU.ActiveCfg = Release|x86
		{E6565985-C477-46F4-8A42-08E04CD40B65}.InnoBeta|Mixed Platforms.ActiveCfg = Release|x86
		{E6565985-C477-46F4-8A42-08E04CD40B65}.InnoBeta|Mixed Platforms.Build.0 = Release|x86
		{E6565985-C477-46F4-8A42-08E04CD40B65}.InnoBeta|x86.ActiveCfg = Debug|x86
		{E6565985-C477-46F4-8A42-08E04CD40B65}.InnoBeta|x86.Build.0 = Debug|x86
		{E6565985-C477-46F4-8A42-08E04CD40B65}.InnoRelease|Any CPU.ActiveCfg = Release|x86
		{E6565985-C477-46F4-8A42-08E04CD40B65}.InnoRelease|Mixed Platforms.ActiveCfg = Release|x86
		{E6565985-C477-46F4-8A42-08E04CD40B65}.InnoRelease|Mixed Platforms.Build.0 = Release|x86
		{E6565985-C477-46F4-8A42-08E04CD40B65}.InnoRelease|x86.ActiveCfg = Release|x86
		{E6565985-C477-46F4-8A42-08E04CD40B65}.InnoRelease|x86.Build.0 = Release|x86
		{E6565985-C477-46F4-8A42-08E04CD40B65}.Release|Any CPU.ActiveCfg = Release|x86
		{E6565985-C477-46F4-8A42-08E04CD40B65}.Release|Mixed Platforms.ActiveCfg = Release|x86
		{E6565985-C477-46F4-8A42-08E04CD40B65}.Release|Mixed Platforms.Build.0 = Release|x86
		{E6565985-C477-46F4-8A42-08E04CD40B65}.Release|x86.ActiveCfg = Release|x86
		{E6565985-C477-46F4-8A42-08E04CD40B65}.Release|x86.Build.0 = Release|x86
		{9C36009D-1BB2-40FA-882A-094EA69B2C92}.ConfuserEx|Any CPU.ActiveCfg = Release|x86
		{9C36009D-1BB2-40FA-882A-094EA69B2C92}.ConfuserEx|Mixed Platforms.ActiveCfg = Release|x86
		{9C36009D-1BB2-40FA-882A-094EA69B2C92}.ConfuserEx|Mixed Platforms.Build.0 = Release|x86
		{9C36009D-1BB2-40FA-882A-094EA69B2C92}.ConfuserEx|x86.ActiveCfg = Debug|x86
		{9C36009D-1BB2-40FA-882A-094EA69B2C92}.ConfuserEx|x86.Build.0 = Debug|x86
		{9C36009D-1BB2-40FA-882A-094EA69B2C92}.Debug|Any CPU.ActiveCfg = Debug|x86
		{9C36009D-1BB2-40FA-882A-094EA69B2C92}.Debug|Mixed Platforms.ActiveCfg = Debug|x86
		{9C36009D-1BB2-40FA-882A-094EA69B2C92}.Debug|Mixed Platforms.Build.0 = Debug|x86
		{9C36009D-1BB2-40FA-882A-094EA69B2C92}.Debug|x86.ActiveCfg = Debug|x86
		{9C36009D-1BB2-40FA-882A-094EA69B2C92}.Debug|x86.Build.0 = Debug|x86
		{9C36009D-1BB2-40FA-882A-094EA69B2C92}.InnoBeta|Any CPU.ActiveCfg = Release|x86
		{9C36009D-1BB2-40FA-882A-094EA69B2C92}.InnoBeta|Mixed Platforms.ActiveCfg = Release|x86
		{9C36009D-1BB2-40FA-882A-094EA69B2C92}.InnoBeta|Mixed Platforms.Build.0 = Release|x86
		{9C36009D-1BB2-40FA-882A-094EA69B2C92}.InnoBeta|x86.ActiveCfg = Debug|x86
		{9C36009D-1BB2-40FA-882A-094EA69B2C92}.InnoBeta|x86.Build.0 = Debug|x86
		{9C36009D-1BB2-40FA-882A-094EA69B2C92}.InnoRelease|Any CPU.ActiveCfg = Release|x86
		{9C36009D-1BB2-40FA-882A-094EA69B2C92}.InnoRelease|Mixed Platforms.ActiveCfg = Release|x86
		{9C36009D-1BB2-40FA-882A-094EA69B2C92}.InnoRelease|Mixed Platforms.Build.0 = Release|x86
		{9C36009D-1BB2-40FA-882A-094EA69B2C92}.InnoRelease|x86.ActiveCfg = Release|x86
		{9C36009D-1BB2-40FA-882A-094EA69B2C92}.InnoRelease|x86.Build.0 = Release|x86
		{9C36009D-1BB2-40FA-882A-094EA69B2C92}.Release|Any CPU.ActiveCfg = Release|x86
		{9C36009D-1BB2-40FA-882A-094EA69B2C92}.Release|Mixed Platforms.ActiveCfg = Release|x86
		{9C36009D-1BB2-40FA-882A-094EA69B2C92}.Release|Mixed Platforms.Build.0 = Release|x86
		{9C36009D-1BB2-40FA-882A-094EA69B2C92}.Release|x86.ActiveCfg = Release|x86
		{9C36009D-1BB2-40FA-882A-094EA69B2C92}.Release|x86.Build.0 = Release|x86
		{5A4B4B14-D3B5-4D54-80EC-0877C1E6E73A}.ConfuserEx|Any CPU.ActiveCfg = Release|x86
		{5A4B4B14-D3B5-4D54-80EC-0877C1E6E73A}.ConfuserEx|Mixed Platforms.ActiveCfg = Release|x86
		{5A4B4B14-D3B5-4D54-80EC-0877C1E6E73A}.ConfuserEx|Mixed Platforms.Build.0 = Release|x86
		{5A4B4B14-D3B5-4D54-80EC-0877C1E6E73A}.ConfuserEx|x86.ActiveCfg = Debug|x86
		{5A4B4B14-D3B5-4D54-80EC-0877C1E6E73A}.ConfuserEx|x86.Build.0 = Debug|x86
		{5A4B4B14-D3B5-4D54-80EC-0877C1E6E73A}.Debug|Any CPU.ActiveCfg = Debug|x86
		{5A4B4B14-D3B5-4D54-80EC-0877C1E6E73A}.Debug|Mixed Platforms.ActiveCfg = Debug|x86
		{5A4B4B14-D3B5-4D54-80EC-0877C1E6E73A}.Debug|Mixed Platforms.Build.0 = Debug|x86
		{5A4B4B14-D3B5-4D54-80EC-0877C1E6E73A}.Debug|x86.ActiveCfg = Debug|x86
		{5A4B4B14-D3B5-4D54-80EC-0877C1E6E73A}.Debug|x86.Build.0 = Debug|x86
		{5A4B4B14-D3B5-4D54-80EC-0877C1E6E73A}.InnoBeta|Any CPU.ActiveCfg = Release|x86
		{5A4B4B14-D3B5-4D54-80EC-0877C1E6E73A}.InnoBeta|Mixed Platforms.ActiveCfg = Release|x86
		{5A4B4B14-D3B5-4D54-80EC-0877C1E6E73A}.InnoBeta|Mixed Platforms.Build.0 = Release|x86
		{5A4B4B14-D3B5-4D54-80EC-0877C1E6E73A}.InnoBeta|x86.ActiveCfg = Debug|x86
		{5A4B4B14-D3B5-4D54-80EC-0877C1E6E73A}.InnoBeta|x86.Build.0 = Debug|x86
		{5A4B4B14-D3B5-4D54-80EC-0877C1E6E73A}.InnoRelease|Any CPU.ActiveCfg = Release|x86
		{5A4B4B14-D3B5-4D54-80EC-0877C1E6E73A}.InnoRelease|Mixed Platforms.ActiveCfg = Release|x86
		{5A4B4B14-D3B5-4D54-80EC-0877C1E6E73A}.InnoRelease|Mixed Platforms.Build.0 = Release|x86
		{5A4B4B14-D3B5-4D54-80EC-0877C1E6E73A}.InnoRelease|x86.ActiveCfg = Release|x86
		{5A4B4B14-D3B5-4D54-80EC-0877C1E6E73A}.InnoRelease|x86.Build.0 = Release|x86
		{5A4B4B14-D3B5-4D54-80EC-0877C1E6E73A}.Release|Any CPU.ActiveCfg = Release|x86
		{5A4B4B14-D3B5-4D54-80EC-0877C1E6E73A}.Release|Mixed Platforms.ActiveCfg = Release|x86
		{5A4B4B14-D3B5-4D54-80EC-0877C1E6E73A}.Release|Mixed Platforms.Build.0 = Release|x86
		{5A4B4B14-D3B5-4D54-80EC-0877C1E6E73A}.Release|x86.ActiveCfg = Release|x86
		{5A4B4B14-D3B5-4D54-80EC-0877C1E6E73A}.Release|x86.Build.0 = Release|x86
		{E3A2283B-A2B8-46E5-AF49-DF6CD156EB0D}.ConfuserEx|Any CPU.ActiveCfg = Release|x86
		{E3A2283B-A2B8-46E5-AF49-DF6CD156EB0D}.ConfuserEx|Mixed Platforms.ActiveCfg = Release|x86
		{E3A2283B-A2B8-46E5-AF49-DF6CD156EB0D}.ConfuserEx|Mixed Platforms.Build.0 = Release|x86
		{E3A2283B-A2B8-46E5-AF49-DF6CD156EB0D}.ConfuserEx|x86.ActiveCfg = Debug|x86
		{E3A2283B-A2B8-46E5-AF49-DF6CD156EB0D}.ConfuserEx|x86.Build.0 = Debug|x86
		{E3A2283B-A2B8-46E5-AF49-DF6CD156EB0D}.Debug|Any CPU.ActiveCfg = Debug|x86
		{E3A2283B-A2B8-46E5-AF49-DF6CD156EB0D}.Debug|Mixed Platforms.ActiveCfg = Debug|x86
		{E3A2283B-A2B8-46E5-AF49-DF6CD156EB0D}.Debug|Mixed Platforms.Build.0 = Debug|x86
		{E3A2283B-A2B8-46E5-AF49-DF6CD156EB0D}.Debug|x86.ActiveCfg = Debug|x86
		{E3A2283B-A2B8-46E5-AF49-DF6CD156EB0D}.Debug|x86.Build.0 = Debug|x86
		{E3A2283B-A2B8-46E5-AF49-DF6CD156EB0D}.InnoBeta|Any CPU.ActiveCfg = Release|x86
		{E3A2283B-A2B8-46E5-AF49-DF6CD156EB0D}.InnoBeta|Mixed Platforms.ActiveCfg = Release|x86
		{E3A2283B-A2B8-46E5-AF49-DF6CD156EB0D}.InnoBeta|Mixed Platforms.Build.0 = Release|x86
		{E3A2283B-A2B8-46E5-AF49-DF6CD156EB0D}.InnoBeta|x86.ActiveCfg = Debug|x86
		{E3A2283B-A2B8-46E5-AF49-DF6CD156EB0D}.InnoBeta|x86.Build.0 = Debug|x86
		{E3A2283B-A2B8-46E5-AF49-DF6CD156EB0D}.InnoRelease|Any CPU.ActiveCfg = Release|x86
		{E3A2283B-A2B8-46E5-AF49-DF6CD156EB0D}.InnoRelease|Mixed Platforms.ActiveCfg = Release|x86
		{E3A2283B-A2B8-46E5-AF49-DF6CD156EB0D}.InnoRelease|Mixed Platforms.Build.0 = Release|x86
		{E3A2283B-A2B8-46E5-AF49-DF6CD156EB0D}.InnoRelease|x86.ActiveCfg = Release|x86
		{E3A2283B-A2B8-46E5-AF49-DF6CD156EB0D}.InnoRelease|x86.Build.0 = Release|x86
		{E3A2283B-A2B8-46E5-AF49-DF6CD156EB0D}.Release|Any CPU.ActiveCfg = Release|x86
		{E3A2283B-A2B8-46E5-AF49-DF6CD156EB0D}.Release|Mixed Platforms.ActiveCfg = Release|x86
		{E3A2283B-A2B8-46E5-AF49-DF6CD156EB0D}.Release|Mixed Platforms.Build.0 = Release|x86
		{E3A2283B-A2B8-46E5-AF49-DF6CD156EB0D}.Release|x86.ActiveCfg = Release|x86
		{E3A2283B-A2B8-46E5-AF49-DF6CD156EB0D}.Release|x86.Build.0 = Release|x86
		{B59A7CDF-086B-4B94-A917-4CFA4D42F981}.ConfuserEx|Any CPU.ActiveCfg = Release|x86
		{B59A7CDF-086B-4B94-A917-4CFA4D42F981}.ConfuserEx|Mixed Platforms.ActiveCfg = Release|x86
		{B59A7CDF-086B-4B94-A917-4CFA4D42F981}.ConfuserEx|Mixed Platforms.Build.0 = Release|x86
		{B59A7CDF-086B-4B94-A917-4CFA4D42F981}.ConfuserEx|x86.ActiveCfg = Debug|x86
		{B59A7CDF-086B-4B94-A917-4CFA4D42F981}.ConfuserEx|x86.Build.0 = Debug|x86
		{B59A7CDF-086B-4B94-A917-4CFA4D42F981}.Debug|Any CPU.ActiveCfg = Debug|x86
		{B59A7CDF-086B-4B94-A917-4CFA4D42F981}.Debug|Mixed Platforms.ActiveCfg = Debug|x86
		{B59A7CDF-086B-4B94-A917-4CFA4D42F981}.Debug|Mixed Platforms.Build.0 = Debug|x86
		{B59A7CDF-086B-4B94-A917-4CFA4D42F981}.Debug|x86.ActiveCfg = Debug|x86
		{B59A7CDF-086B-4B94-A917-4CFA4D42F981}.Debug|x86.Build.0 = Debug|x86
		{B59A7CDF-086B-4B94-A917-4CFA4D42F981}.InnoBeta|Any CPU.ActiveCfg = Release|x86
		{B59A7CDF-086B-4B94-A917-4CFA4D42F981}.InnoBeta|Mixed Platforms.ActiveCfg = Release|x86
		{B59A7CDF-086B-4B94-A917-4CFA4D42F981}.InnoBeta|Mixed Platforms.Build.0 = Release|x86
		{B59A7CDF-086B-4B94-A917-4CFA4D42F981}.InnoBeta|x86.ActiveCfg = Debug|x86
		{B59A7CDF-086B-4B94-A917-4CFA4D42F981}.InnoBeta|x86.Build.0 = Debug|x86
		{B59A7CDF-086B-4B94-A917-4CFA4D42F981}.InnoRelease|Any CPU.ActiveCfg = Release|x86
		{B59A7CDF-086B-4B94-A917-4CFA4D42F981}.InnoRelease|Mixed Platforms.ActiveCfg = Release|x86
		{B59A7CDF-086B-4B94-A917-4CFA4D42F981}.InnoRelease|Mixed Platforms.Build.0 = Release|x86
		{B59A7CDF-086B-4B94-A917-4CFA4D42F981}.InnoRelease|x86.ActiveCfg = Release|x86
		{B59A7CDF-086B-4B94-A917-4CFA4D42F981}.InnoRelease|x86.Build.0 = Release|x86
		{B59A7CDF-086B-4B94-A917-4CFA4D42F981}.Release|Any CPU.ActiveCfg = Release|x86
		{B59A7CDF-086B-4B94-A917-4CFA4D42F981}.Release|Mixed Platforms.ActiveCfg = Release|x86
		{B59A7CDF-086B-4B94-A917-4CFA4D42F981}.Release|Mixed Platforms.Build.0 = Release|x86
		{B59A7CDF-086B-4B94-A917-4CFA4D42F981}.Release|x86.ActiveCfg = Release|x86
		{B59A7CDF-086B-4B94-A917-4CFA4D42F981}.Release|x86.Build.0 = Release|x86
		{CBB57466-4341-49BC-A61D-43A7CC656A95}.ConfuserEx|Any CPU.ActiveCfg = Release|x86
		{CBB57466-4341-49BC-A61D-43A7CC656A95}.ConfuserEx|Mixed Platforms.ActiveCfg = Release|x86
		{CBB57466-4341-49BC-A61D-43A7CC656A95}.ConfuserEx|Mixed Platforms.Build.0 = Release|x86
		{CBB57466-4341-49BC-A61D-43A7CC656A95}.ConfuserEx|x86.ActiveCfg = Debug|x86
		{CBB57466-4341-49BC-A61D-43A7CC656A95}.ConfuserEx|x86.Build.0 = Debug|x86
		{CBB57466-4341-49BC-A61D-43A7CC656A95}.Debug|Any CPU.ActiveCfg = Debug|x86
		{CBB57466-4341-49BC-A61D-43A7CC656A95}.Debug|Mixed Platforms.ActiveCfg = Debug|x86
		{CBB57466-4341-49BC-A61D-43A7CC656A95}.Debug|Mixed Platforms.Build.0 = Debug|x86
		{CBB57466-4341-49BC-A61D-43A7CC656A95}.Debug|x86.ActiveCfg = Debug|x86
		{CBB57466-4341-49BC-A61D-43A7CC656A95}.Debug|x86.Build.0 = Debug|x86
		{CBB57466-4341-49BC-A61D-43A7CC656A95}.InnoBeta|Any CPU.ActiveCfg = Release|x86
		{CBB57466-4341-49BC-A61D-43A7CC656A95}.InnoBeta|Mixed Platforms.ActiveCfg = Release|x86
		{CBB57466-4341-49BC-A61D-43A7CC656A95}.InnoBeta|Mixed Platforms.Build.0 = Release|x86
		{CBB57466-4341-49BC-A61D-43A7CC656A95}.InnoBeta|x86.ActiveCfg = Debug|x86
		{CBB57466-4341-49BC-A61D-43A7CC656A95}.InnoBeta|x86.Build.0 = Debug|x86
		{CBB57466-4341-49BC-A61D-43A7CC656A95}.InnoRelease|Any CPU.ActiveCfg = Release|x86
		{CBB57466-4341-49BC-A61D-43A7CC656A95}.InnoRelease|Mixed Platforms.ActiveCfg = Release|x86
		{CBB57466-4341-49BC-A61D-43A7CC656A95}.InnoRelease|Mixed Platforms.Build.0 = Release|x86
		{CBB57466-4341-49BC-A61D-43A7CC656A95}.InnoRelease|x86.ActiveCfg = Release|x86
		{CBB57466-4341-49BC-A61D-43A7CC656A95}.InnoRelease|x86.Build.0 = Release|x86
		{CBB57466-4341-49BC-A61D-43A7CC656A95}.Release|Any CPU.ActiveCfg = Release|x86
		{CBB57466-4341-49BC-A61D-43A7CC656A95}.Release|Mixed Platforms.ActiveCfg = Release|x86
		{CBB57466-4341-49BC-A61D-43A7CC656A95}.Release|Mixed Platforms.Build.0 = Release|x86
		{CBB57466-4341-49BC-A61D-43A7CC656A95}.Release|x86.ActiveCfg = Release|x86
		{CBB57466-4341-49BC-A61D-43A7CC656A95}.Release|x86.Build.0 = Release|x86
		{41EA9CF7-BF72-4243-98A8-5BF16BCD90AD}.ConfuserEx|Any CPU.ActiveCfg = Release|x86
		{41EA9CF7-BF72-4243-98A8-5BF16BCD90AD}.ConfuserEx|Mixed Platforms.ActiveCfg = Release|x86
		{41EA9CF7-BF72-4243-98A8-5BF16BCD90AD}.ConfuserEx|Mixed Platforms.Build.0 = Release|x86
		{41EA9CF7-BF72-4243-98A8-5BF16BCD90AD}.ConfuserEx|x86.ActiveCfg = Debug|x86
		{41EA9CF7-BF72-4243-98A8-5BF16BCD90AD}.ConfuserEx|x86.Build.0 = Debug|x86
		{41EA9CF7-BF72-4243-98A8-5BF16BCD90AD}.Debug|Any CPU.ActiveCfg = Debug|x86
		{41EA9CF7-BF72-4243-98A8-5BF16BCD90AD}.Debug|Mixed Platforms.ActiveCfg = Debug|x86
		{41EA9CF7-BF72-4243-98A8-5BF16BCD90AD}.Debug|Mixed Platforms.Build.0 = Debug|x86
		{41EA9CF7-BF72-4243-98A8-5BF16BCD90AD}.Debug|x86.ActiveCfg = Debug|x86
		{41EA9CF7-BF72-4243-98A8-5BF16BCD90AD}.Debug|x86.Build.0 = Debug|x86
		{41EA9CF7-BF72-4243-98A8-5BF16BCD90AD}.InnoBeta|Any CPU.ActiveCfg = Release|x86
		{41EA9CF7-BF72-4243-98A8-5BF16BCD90AD}.InnoBeta|Mixed Platforms.ActiveCfg = Release|x86
		{41EA9CF7-BF72-4243-98A8-5BF16BCD90AD}.InnoBeta|Mixed Platforms.Build.0 = Release|x86
		{41EA9CF7-BF72-4243-98A8-5BF16BCD90AD}.InnoBeta|x86.ActiveCfg = Debug|x86
		{41EA9CF7-BF72-4243-98A8-5BF16BCD90AD}.InnoBeta|x86.Build.0 = Debug|x86
		{41EA9CF7-BF72-4243-98A8-5BF16BCD90AD}.InnoRelease|Any CPU.ActiveCfg = Release|x86
		{41EA9CF7-BF72-4243-98A8-5BF16BCD90AD}.InnoRelease|Mixed Platforms.ActiveCfg = Release|x86
		{41EA9CF7-BF72-4243-98A8-5BF16BCD90AD}.InnoRelease|Mixed Platforms.Build.0 = Release|x86
		{41EA9CF7-BF72-4243-98A8-5BF16BCD90AD}.InnoRelease|x86.ActiveCfg = Release|x86
		{41EA9CF7-BF72-4243-98A8-5BF16BCD90AD}.InnoRelease|x86.Build.0 = Release|x86
		{41EA9CF7-BF72-4243-98A8-5BF16BCD90AD}.Release|Any CPU.ActiveCfg = Release|x86
		{41EA9CF7-BF72-4243-98A8-5BF16BCD90AD}.Release|Mixed Platforms.ActiveCfg = Release|x86
		{41EA9CF7-BF72-4243-98A8-5BF16BCD90AD}.Release|Mixed Platforms.Build.0 = Release|x86
		{41EA9CF7-BF72-4243-98A8-5BF16BCD90AD}.Release|x86.ActiveCfg = Release|x86
		{41EA9CF7-BF72-4243-98A8-5BF16BCD90AD}.Release|x86.Build.0 = Release|x86
	EndGlobalSection
	GlobalSection(SolutionProperties) = preSolution
		HideSolutionNode = FALSE
	EndGlobalSection
EndGlobal
