
Microsoft Visual Studio Solution File, Format Version 11.00
# Visual Studio 2010
Project("{FAE04EC0-301F-11D3-BF4B-00C04F79EFBC}") = "CustomsForgeManager", "CustomsForgeManager\CustomsForgeManager.csproj", "{25E15C6A-AEAE-4958-80EA-44062DF402F7}"
EndProject
Project("{FAE04EC0-301F-11D3-BF4B-00C04F79EFBC}") = "ClickOnceUninstaller", "CustomForgeManagerTools\ClickOnceUninstaller\ClickOnceUninstaller.csproj", "{25E15C6A-AEAE-4958-80EA-44062DF402E7}"
EndProject
Project("{FAE04EC0-301F-11D3-BF4B-00C04F79EFBC}") = "CFMAudioTools", "CustomForgeManagerTools\CFMAudioTools\CFMAudioTools.csproj", "{58F16778-20B6-4E32-999A-D718BF9C0AAF}"
EndProject
Project("{FAE04EC0-301F-11D3-BF4B-00C04F79EFBC}") = "DataGridViewTools", "CustomForgeManagerTools\DataGridViewTools\DataGridViewTools.csproj", "{A6A896F6-F666-4583-8D80-7EE74C4399B4}"
EndProject
Project("{FAE04EC0-301F-11D3-BF4B-00C04F79EFBC}") = "RocksmithToolkitLib", "CustomForgeManagerTools\RocksmithToolkitLib (for debugging)\RocksmithToolkitLib.csproj", "{2231C13A-14F6-478A-96D7-D1D3E1094CD6}"
EndProject
Project("{FAE04EC0-301F-11D3-BF4B-00C04F79EFBC}") = "CFMImageTools", "CustomForgeManagerTools\CFMImageTools\CFMImageTools.csproj", "{35631CAA-102F-43B2-80E9-98FF201A4BED}"
EndProject
Global
	GlobalSection(SolutionConfigurationPlatforms) = preSolution
		ConfuserExRelease|x86 = ConfuserExRelease|x86
		Debug|x86 = Debug|x86
		DotfuscatorRelease|x86 = DotfuscatorRelease|x86
		InnoInstaller|x86 = InnoInstaller|x86
		Release|x86 = Release|x86
	EndGlobalSection
	GlobalSection(ProjectConfigurationPlatforms) = postSolution
		{25E15C6A-AEAE-4958-80EA-44062DF402F7}.ConfuserExRelease|x86.ActiveCfg = ConfuserExRelease|x86
		{25E15C6A-AEAE-4958-80EA-44062DF402F7}.ConfuserExRelease|x86.Build.0 = ConfuserExRelease|x86
		{25E15C6A-AEAE-4958-80EA-44062DF402F7}.Debug|x86.ActiveCfg = Debug|x86
		{25E15C6A-AEAE-4958-80EA-44062DF402F7}.Debug|x86.Build.0 = Debug|x86
		{25E15C6A-AEAE-4958-80EA-44062DF402F7}.DotfuscatorRelease|x86.ActiveCfg = DotfuscatorRelease|x86
		{25E15C6A-AEAE-4958-80EA-44062DF402F7}.DotfuscatorRelease|x86.Build.0 = DotfuscatorRelease|x86
		{25E15C6A-AEAE-4958-80EA-44062DF402F7}.InnoInstaller|x86.ActiveCfg = InnoInstaller|x86
		{25E15C6A-AEAE-4958-80EA-44062DF402F7}.InnoInstaller|x86.Build.0 = InnoInstaller|x86
		{25E15C6A-AEAE-4958-80EA-44062DF402F7}.Release|x86.ActiveCfg = Release|x86
		{25E15C6A-AEAE-4958-80EA-44062DF402F7}.Release|x86.Build.0 = Release|x86
		{25E15C6A-AEAE-4958-80EA-44062DF402E7}.ConfuserExRelease|x86.ActiveCfg = Release|x86
		{25E15C6A-AEAE-4958-80EA-44062DF402E7}.ConfuserExRelease|x86.Build.0 = Release|x86
		{25E15C6A-AEAE-4958-80EA-44062DF402E7}.Debug|x86.ActiveCfg = Debug|x86
		{25E15C6A-AEAE-4958-80EA-44062DF402E7}.Debug|x86.Build.0 = Debug|x86
		{25E15C6A-AEAE-4958-80EA-44062DF402E7}.DotfuscatorRelease|x86.ActiveCfg = Release|x86
		{25E15C6A-AEAE-4958-80EA-44062DF402E7}.DotfuscatorRelease|x86.Build.0 = Release|x86
		{25E15C6A-AEAE-4958-80EA-44062DF402E7}.InnoInstaller|x86.ActiveCfg = Release|x86
		{25E15C6A-AEAE-4958-80EA-44062DF402E7}.InnoInstaller|x86.Build.0 = Release|x86
		{25E15C6A-AEAE-4958-80EA-44062DF402E7}.Release|x86.ActiveCfg = Release|x86
		{25E15C6A-AEAE-4958-80EA-44062DF402E7}.Release|x86.Build.0 = Release|x86
		{58F16778-20B6-4E32-999A-D718BF9C0AAF}.ConfuserExRelease|x86.ActiveCfg = Release|x86
		{58F16778-20B6-4E32-999A-D718BF9C0AAF}.ConfuserExRelease|x86.Build.0 = Release|x86
		{58F16778-20B6-4E32-999A-D718BF9C0AAF}.Debug|x86.ActiveCfg = Debug|x86
		{58F16778-20B6-4E32-999A-D718BF9C0AAF}.Debug|x86.Build.0 = Debug|x86
		{58F16778-20B6-4E32-999A-D718BF9C0AAF}.DotfuscatorRelease|x86.ActiveCfg = Release|x86
		{58F16778-20B6-4E32-999A-D718BF9C0AAF}.DotfuscatorRelease|x86.Build.0 = Release|x86
		{58F16778-20B6-4E32-999A-D718BF9C0AAF}.InnoInstaller|x86.ActiveCfg = InnoInstaller|x86
		{58F16778-20B6-4E32-999A-D718BF9C0AAF}.InnoInstaller|x86.Build.0 = InnoInstaller|x86
		{58F16778-20B6-4E32-999A-D718BF9C0AAF}.Release|x86.ActiveCfg = Release|x86
		{58F16778-20B6-4E32-999A-D718BF9C0AAF}.Release|x86.Build.0 = Release|x86
		{A6A896F6-F666-4583-8D80-7EE74C4399B4}.ConfuserExRelease|x86.ActiveCfg = Release|x86
		{A6A896F6-F666-4583-8D80-7EE74C4399B4}.ConfuserExRelease|x86.Build.0 = Release|x86
		{A6A896F6-F666-4583-8D80-7EE74C4399B4}.Debug|x86.ActiveCfg = Debug|x86
		{A6A896F6-F666-4583-8D80-7EE74C4399B4}.Debug|x86.Build.0 = Debug|x86
		{A6A896F6-F666-4583-8D80-7EE74C4399B4}.DotfuscatorRelease|x86.ActiveCfg = Release|x86
		{A6A896F6-F666-4583-8D80-7EE74C4399B4}.DotfuscatorRelease|x86.Build.0 = Release|x86
		{A6A896F6-F666-4583-8D80-7EE74C4399B4}.InnoInstaller|x86.ActiveCfg = Release|x86
		{A6A896F6-F666-4583-8D80-7EE74C4399B4}.InnoInstaller|x86.Build.0 = Release|x86
		{A6A896F6-F666-4583-8D80-7EE74C4399B4}.Release|x86.ActiveCfg = Release|x86
		{A6A896F6-F666-4583-8D80-7EE74C4399B4}.Release|x86.Build.0 = Release|x86
		{2231C13A-14F6-478A-96D7-D1D3E1094CD6}.ConfuserExRelease|x86.ActiveCfg = Release|x86
		{2231C13A-14F6-478A-96D7-D1D3E1094CD6}.ConfuserExRelease|x86.Build.0 = Release|x86
		{2231C13A-14F6-478A-96D7-D1D3E1094CD6}.Debug|x86.ActiveCfg = Debug|x86
		{2231C13A-14F6-478A-96D7-D1D3E1094CD6}.Debug|x86.Build.0 = Debug|x86
		{2231C13A-14F6-478A-96D7-D1D3E1094CD6}.DotfuscatorRelease|x86.ActiveCfg = Release|x86
		{2231C13A-14F6-478A-96D7-D1D3E1094CD6}.DotfuscatorRelease|x86.Build.0 = Release|x86
		{2231C13A-14F6-478A-96D7-D1D3E1094CD6}.InnoInstaller|x86.ActiveCfg = Release|x86
		{2231C13A-14F6-478A-96D7-D1D3E1094CD6}.InnoInstaller|x86.Build.0 = Release|x86
		{2231C13A-14F6-478A-96D7-D1D3E1094CD6}.Release|x86.ActiveCfg = Release|x86
		{2231C13A-14F6-478A-96D7-D1D3E1094CD6}.Release|x86.Build.0 = Release|x86
		{35631CAA-102F-43B2-80E9-98FF201A4BED}.ConfuserExRelease|x86.ActiveCfg = ConfuserExRelease|x86
		{35631CAA-102F-43B2-80E9-98FF201A4BED}.ConfuserExRelease|x86.Build.0 = ConfuserExRelease|x86
		{35631CAA-102F-43B2-80E9-98FF201A4BED}.Debug|x86.ActiveCfg = DotfuscatorRelease|x86
		{35631CAA-102F-43B2-80E9-98FF201A4BED}.Debug|x86.Build.0 = DotfuscatorRelease|x86
		{35631CAA-102F-43B2-80E9-98FF201A4BED}.DotfuscatorRelease|x86.ActiveCfg = DotfuscatorRelease|x86
		{35631CAA-102F-43B2-80E9-98FF201A4BED}.DotfuscatorRelease|x86.Build.0 = DotfuscatorRelease|x86
		{35631CAA-102F-43B2-80E9-98FF201A4BED}.InnoInstaller|x86.ActiveCfg = InnoInstaller|x86
		{35631CAA-102F-43B2-80E9-98FF201A4BED}.InnoInstaller|x86.Build.0 = InnoInstaller|x86
		{35631CAA-102F-43B2-80E9-98FF201A4BED}.Release|x86.ActiveCfg = Release|x86
		{35631CAA-102F-43B2-80E9-98FF201A4BED}.Release|x86.Build.0 = Release|x86
	EndGlobalSection
	GlobalSection(SolutionProperties) = preSolution
		HideSolutionNode = FALSE
	EndGlobalSection
EndGlobal
