Microsoft Visual Studio Solution File, Format Version 12.00
# Visual Studio 2013
VisualStudioVersion = 12.0.40629.0
MinimumVisualStudioVersion = 10.0.40219.1
Project("{FAE04EC0-301F-11D3-BF4B-00C04F79EFBC}") = "CustomsForgeManager", "CustomsForgeManager\CustomsForgeManager.csproj", "{25E15C6A-AEAE-4958-80EA-44062DF402F7}"
EndProject
Project("{FAE04EC0-301F-11D3-BF4B-00C04F79EFBC}") = "CFMImageTools", "CustomForgeManagerTools\CFMImageTools\CFMImageTools.csproj", "{E6565985-C477-46F4-8A42-08E04CD40B65}"
EndProject
Project("{FAE04EC0-301F-11D3-BF4B-00C04F79EFBC}") = "DataGridViewTools", "CustomForgeManagerTools\DataGridViewTools\DataGridViewTools.csproj", "{5A4B4B14-D3B5-4D54-80EC-0877C1E6E73A}"
EndProject
Project("{FAE04EC0-301F-11D3-BF4B-00C04F79EFBC}") = "ClickOnceUninstaller", "CustomForgeManagerTools\ClickOnceUninstaller\ClickOnceUninstaller.csproj", "{25E15C6A-AEAE-4958-80EA-44062DF402E7}"
EndProject
Project("{FAE04EC0-301F-11D3-BF4B-00C04F79EFBC}") = "CFMAudioTools", "CustomForgeManagerTools\CFMAudioTools\CFMAudioTools.csproj", "{6D8C3FE6-5855-4B6C-BD2B-51954342DBEE}"
EndProject
Project("{FAE04EC0-301F-11D3-BF4B-00C04F79EFBC}") = "RocksmithToolkitLib", "CustomForgeManagerTools\RocksmithToolkitLib (for debugging)\RocksmithToolkitLib.csproj", "{2231C13A-14F6-478A-96D7-D1D3E1094CD6}"
EndProject
Project("{FAE04EC0-301F-11D3-BF4B-00C04F79EFBC}") = "CFSM.Utils", "CustomForgeManagerTools\CFSM.Utils\CFSM.Utils.csproj", "{0B5754DF-5812-4E92-9275-3E5D9180B172}"
EndProject
Project("{FAE04EC0-301F-11D3-BF4B-00C04F79EFBC}") = "DF.WinForms.ThemeLib", "CustomForgeManagerTools\DF.WinForms.ThemeLib\DF.WinForms.ThemeLib.csproj", "{E3A2283B-A2B8-46E5-AF49-DF6CD156EB0D}"
EndProject
Project("{FAE04EC0-301F-11D3-BF4B-00C04F79EFBC}") = "CFSMTests", "CFSMTests\CFSMTests.csproj", "{9C36009D-1BB2-40FA-882A-094EA69B2C92}"
EndProject
Global
	GlobalSection(SolutionConfigurationPlatforms) = preSolution
		ConfuserExRelease|Any CPU = ConfuserExRelease|Any CPU
		ConfuserExRelease|Mixed Platforms = ConfuserExRelease|Mixed Platforms
		ConfuserExRelease|x86 = ConfuserExRelease|x86
		Debug|Any CPU = Debug|Any CPU
		Debug|Mixed Platforms = Debug|Mixed Platforms
		Debug|x86 = Debug|x86
		InnoInstaller|Any CPU = InnoInstaller|Any CPU
		InnoInstaller|Mixed Platforms = InnoInstaller|Mixed Platforms
		InnoInstaller|x86 = InnoInstaller|x86
		PublishBeta|Any CPU = PublishBeta|Any CPU
		PublishBeta|Mixed Platforms = PublishBeta|Mixed Platforms
		PublishBeta|x86 = PublishBeta|x86
		PublishRelease|Any CPU = PublishRelease|Any CPU
		PublishRelease|Mixed Platforms = PublishRelease|Mixed Platforms
		PublishRelease|x86 = PublishRelease|x86
		Release|Any CPU = Release|Any CPU
		Release|Mixed Platforms = Release|Mixed Platforms
		Release|x86 = Release|x86
	EndGlobalSection
	GlobalSection(ProjectConfigurationPlatforms) = postSolution
		{25E15C6A-AEAE-4958-80EA-44062DF402F7}.ConfuserExRelease|Any CPU.ActiveCfg = ConfuserExRelease|x86
		{25E15C6A-AEAE-4958-80EA-44062DF402F7}.ConfuserExRelease|Mixed Platforms.ActiveCfg = ConfuserExRelease|x86
		{25E15C6A-AEAE-4958-80EA-44062DF402F7}.ConfuserExRelease|Mixed Platforms.Build.0 = ConfuserExRelease|x86
		{25E15C6A-AEAE-4958-80EA-44062DF402F7}.ConfuserExRelease|x86.ActiveCfg = ConfuserExRelease|x86
		{25E15C6A-AEAE-4958-80EA-44062DF402F7}.ConfuserExRelease|x86.Build.0 = ConfuserExRelease|x86
		{25E15C6A-AEAE-4958-80EA-44062DF402F7}.Debug|Any CPU.ActiveCfg = Debug|x86
		{25E15C6A-AEAE-4958-80EA-44062DF402F7}.Debug|Mixed Platforms.ActiveCfg = Debug|x86
		{25E15C6A-AEAE-4958-80EA-44062DF402F7}.Debug|Mixed Platforms.Build.0 = Debug|x86
		{25E15C6A-AEAE-4958-80EA-44062DF402F7}.Debug|x86.ActiveCfg = Debug|x86
		{25E15C6A-AEAE-4958-80EA-44062DF402F7}.Debug|x86.Build.0 = Debug|x86
		{25E15C6A-AEAE-4958-80EA-44062DF402F7}.InnoInstaller|Any CPU.ActiveCfg = InnoInstaller|x86
		{25E15C6A-AEAE-4958-80EA-44062DF402F7}.InnoInstaller|Mixed Platforms.ActiveCfg = InnoInstaller|x86
		{25E15C6A-AEAE-4958-80EA-44062DF402F7}.InnoInstaller|Mixed Platforms.Build.0 = InnoInstaller|x86
		{25E15C6A-AEAE-4958-80EA-44062DF402F7}.InnoInstaller|x86.ActiveCfg = InnoInstaller|x86
		{25E15C6A-AEAE-4958-80EA-44062DF402F7}.InnoInstaller|x86.Build.0 = InnoInstaller|x86
		{25E15C6A-AEAE-4958-80EA-44062DF402F7}.PublishBeta|Any CPU.ActiveCfg = PublishBeta|x86
		{25E15C6A-AEAE-4958-80EA-44062DF402F7}.PublishBeta|Mixed Platforms.ActiveCfg = PublishBeta|x86
		{25E15C6A-AEAE-4958-80EA-44062DF402F7}.PublishBeta|Mixed Platforms.Build.0 = PublishBeta|x86
		{25E15C6A-AEAE-4958-80EA-44062DF402F7}.PublishBeta|x86.ActiveCfg = PublishBeta|x86
		{25E15C6A-AEAE-4958-80EA-44062DF402F7}.PublishBeta|x86.Build.0 = PublishBeta|x86
		{25E15C6A-AEAE-4958-80EA-44062DF402F7}.PublishRelease|Any CPU.ActiveCfg = PublishRelease|x86
		{25E15C6A-AEAE-4958-80EA-44062DF402F7}.PublishRelease|Mixed Platforms.ActiveCfg = PublishRelease|x86
		{25E15C6A-AEAE-4958-80EA-44062DF402F7}.PublishRelease|Mixed Platforms.Build.0 = PublishRelease|x86
		{25E15C6A-AEAE-4958-80EA-44062DF402F7}.PublishRelease|x86.ActiveCfg = PublishRelease|x86
		{25E15C6A-AEAE-4958-80EA-44062DF402F7}.PublishRelease|x86.Build.0 = PublishRelease|x86
		{25E15C6A-AEAE-4958-80EA-44062DF402F7}.Release|Any CPU.ActiveCfg = Release|x86
		{25E15C6A-AEAE-4958-80EA-44062DF402F7}.Release|Mixed Platforms.ActiveCfg = Release|x86
		{25E15C6A-AEAE-4958-80EA-44062DF402F7}.Release|Mixed Platforms.Build.0 = Release|x86
		{25E15C6A-AEAE-4958-80EA-44062DF402F7}.Release|x86.ActiveCfg = Release|x86
		{25E15C6A-AEAE-4958-80EA-44062DF402F7}.Release|x86.Build.0 = Release|x86
		{E6565985-C477-46F4-8A42-08E04CD40B65}.ConfuserExRelease|Any CPU.ActiveCfg = Release|x86
		{E6565985-C477-46F4-8A42-08E04CD40B65}.ConfuserExRelease|Mixed Platforms.ActiveCfg = Release|x86
		{E6565985-C477-46F4-8A42-08E04CD40B65}.ConfuserExRelease|Mixed Platforms.Build.0 = Release|x86
		{E6565985-C477-46F4-8A42-08E04CD40B65}.ConfuserExRelease|x86.ActiveCfg = Release|x86
		{E6565985-C477-46F4-8A42-08E04CD40B65}.ConfuserExRelease|x86.Build.0 = Release|x86
		{E6565985-C477-46F4-8A42-08E04CD40B65}.Debug|Any CPU.ActiveCfg = Debug|x86
		{E6565985-C477-46F4-8A42-08E04CD40B65}.Debug|Mixed Platforms.ActiveCfg = Debug|x86
		{E6565985-C477-46F4-8A42-08E04CD40B65}.Debug|Mixed Platforms.Build.0 = Debug|x86
		{E6565985-C477-46F4-8A42-08E04CD40B65}.Debug|x86.ActiveCfg = Debug|x86
		{E6565985-C477-46F4-8A42-08E04CD40B65}.Debug|x86.Build.0 = Debug|x86
		{E6565985-C477-46F4-8A42-08E04CD40B65}.InnoInstaller|Any CPU.ActiveCfg = InnoInstaller|x86
		{E6565985-C477-46F4-8A42-08E04CD40B65}.InnoInstaller|Mixed Platforms.ActiveCfg = InnoInstaller|x86
		{E6565985-C477-46F4-8A42-08E04CD40B65}.InnoInstaller|Mixed Platforms.Build.0 = InnoInstaller|x86
		{E6565985-C477-46F4-8A42-08E04CD40B65}.InnoInstaller|x86.ActiveCfg = InnoInstaller|x86
		{E6565985-C477-46F4-8A42-08E04CD40B65}.InnoInstaller|x86.Build.0 = InnoInstaller|x86
		{E6565985-C477-46F4-8A42-08E04CD40B65}.PublishBeta|Any CPU.ActiveCfg = PublishBeta|x86
		{E6565985-C477-46F4-8A42-08E04CD40B65}.PublishBeta|Mixed Platforms.ActiveCfg = PublishBeta|x86
		{E6565985-C477-46F4-8A42-08E04CD40B65}.PublishBeta|Mixed Platforms.Build.0 = PublishBeta|x86
		{E6565985-C477-46F4-8A42-08E04CD40B65}.PublishBeta|x86.ActiveCfg = PublishBeta|x86
		{E6565985-C477-46F4-8A42-08E04CD40B65}.PublishBeta|x86.Build.0 = PublishBeta|x86
		{E6565985-C477-46F4-8A42-08E04CD40B65}.PublishRelease|Any CPU.ActiveCfg = PublishRelease|x86
		{E6565985-C477-46F4-8A42-08E04CD40B65}.PublishRelease|Mixed Platforms.ActiveCfg = PublishRelease|x86
		{E6565985-C477-46F4-8A42-08E04CD40B65}.PublishRelease|Mixed Platforms.Build.0 = PublishRelease|x86
		{E6565985-C477-46F4-8A42-08E04CD40B65}.PublishRelease|x86.ActiveCfg = PublishRelease|x86
		{E6565985-C477-46F4-8A42-08E04CD40B65}.PublishRelease|x86.Build.0 = PublishRelease|x86
		{E6565985-C477-46F4-8A42-08E04CD40B65}.Release|Any CPU.ActiveCfg = Release|x86
		{E6565985-C477-46F4-8A42-08E04CD40B65}.Release|Mixed Platforms.ActiveCfg = Release|x86
		{E6565985-C477-46F4-8A42-08E04CD40B65}.Release|Mixed Platforms.Build.0 = Release|x86
		{E6565985-C477-46F4-8A42-08E04CD40B65}.Release|x86.ActiveCfg = Release|x86
		{E6565985-C477-46F4-8A42-08E04CD40B65}.Release|x86.Build.0 = Release|x86
		{5A4B4B14-D3B5-4D54-80EC-0877C1E6E73A}.ConfuserExRelease|Any CPU.ActiveCfg = ConfuserExRelease|x86
		{5A4B4B14-D3B5-4D54-80EC-0877C1E6E73A}.ConfuserExRelease|Mixed Platforms.ActiveCfg = ConfuserExRelease|x86
		{5A4B4B14-D3B5-4D54-80EC-0877C1E6E73A}.ConfuserExRelease|Mixed Platforms.Build.0 = ConfuserExRelease|x86
		{5A4B4B14-D3B5-4D54-80EC-0877C1E6E73A}.ConfuserExRelease|x86.ActiveCfg = ConfuserExRelease|x86
		{5A4B4B14-D3B5-4D54-80EC-0877C1E6E73A}.ConfuserExRelease|x86.Build.0 = ConfuserExRelease|x86
		{5A4B4B14-D3B5-4D54-80EC-0877C1E6E73A}.Debug|Any CPU.ActiveCfg = Debug|x86
		{5A4B4B14-D3B5-4D54-80EC-0877C1E6E73A}.Debug|Mixed Platforms.ActiveCfg = Debug|x86
		{5A4B4B14-D3B5-4D54-80EC-0877C1E6E73A}.Debug|Mixed Platforms.Build.0 = Debug|x86
		{5A4B4B14-D3B5-4D54-80EC-0877C1E6E73A}.Debug|x86.ActiveCfg = Debug|x86
		{5A4B4B14-D3B5-4D54-80EC-0877C1E6E73A}.Debug|x86.Build.0 = Debug|x86
		{5A4B4B14-D3B5-4D54-80EC-0877C1E6E73A}.InnoInstaller|Any CPU.ActiveCfg = InnoInstaller|x86
		{5A4B4B14-D3B5-4D54-80EC-0877C1E6E73A}.InnoInstaller|Mixed Platforms.ActiveCfg = InnoInstaller|x86
		{5A4B4B14-D3B5-4D54-80EC-0877C1E6E73A}.InnoInstaller|Mixed Platforms.Build.0 = InnoInstaller|x86
		{5A4B4B14-D3B5-4D54-80EC-0877C1E6E73A}.InnoInstaller|x86.ActiveCfg = InnoInstaller|x86
		{5A4B4B14-D3B5-4D54-80EC-0877C1E6E73A}.InnoInstaller|x86.Build.0 = InnoInstaller|x86
		{5A4B4B14-D3B5-4D54-80EC-0877C1E6E73A}.PublishBeta|Any CPU.ActiveCfg = PublishBeta|x86
		{5A4B4B14-D3B5-4D54-80EC-0877C1E6E73A}.PublishBeta|Mixed Platforms.ActiveCfg = PublishBeta|x86
		{5A4B4B14-D3B5-4D54-80EC-0877C1E6E73A}.PublishBeta|Mixed Platforms.Build.0 = PublishBeta|x86
		{5A4B4B14-D3B5-4D54-80EC-0877C1E6E73A}.PublishBeta|x86.ActiveCfg = PublishBeta|x86
		{5A4B4B14-D3B5-4D54-80EC-0877C1E6E73A}.PublishBeta|x86.Build.0 = PublishBeta|x86
		{5A4B4B14-D3B5-4D54-80EC-0877C1E6E73A}.PublishRelease|Any CPU.ActiveCfg = PublishRelease|x86
		{5A4B4B14-D3B5-4D54-80EC-0877C1E6E73A}.PublishRelease|Mixed Platforms.ActiveCfg = PublishRelease|x86
		{5A4B4B14-D3B5-4D54-80EC-0877C1E6E73A}.PublishRelease|Mixed Platforms.Build.0 = PublishRelease|x86
		{5A4B4B14-D3B5-4D54-80EC-0877C1E6E73A}.PublishRelease|x86.ActiveCfg = PublishRelease|x86
		{5A4B4B14-D3B5-4D54-80EC-0877C1E6E73A}.PublishRelease|x86.Build.0 = PublishRelease|x86
		{5A4B4B14-D3B5-4D54-80EC-0877C1E6E73A}.Release|Any CPU.ActiveCfg = Release|x86
		{5A4B4B14-D3B5-4D54-80EC-0877C1E6E73A}.Release|Mixed Platforms.ActiveCfg = Release|x86
		{5A4B4B14-D3B5-4D54-80EC-0877C1E6E73A}.Release|Mixed Platforms.Build.0 = Release|x86
		{5A4B4B14-D3B5-4D54-80EC-0877C1E6E73A}.Release|x86.ActiveCfg = Release|x86
		{5A4B4B14-D3B5-4D54-80EC-0877C1E6E73A}.Release|x86.Build.0 = Release|x86
		{25E15C6A-AEAE-4958-80EA-44062DF402E7}.ConfuserExRelease|Any CPU.ActiveCfg = ConfuserExRelease|x86
		{25E15C6A-AEAE-4958-80EA-44062DF402E7}.ConfuserExRelease|Mixed Platforms.ActiveCfg = ConfuserExRelease|x86
		{25E15C6A-AEAE-4958-80EA-44062DF402E7}.ConfuserExRelease|x86.ActiveCfg = ConfuserExRelease|x86
		{25E15C6A-AEAE-4958-80EA-44062DF402E7}.ConfuserExRelease|x86.Build.0 = ConfuserExRelease|x86
		{25E15C6A-AEAE-4958-80EA-44062DF402E7}.Debug|Any CPU.ActiveCfg = Debug|x86
		{25E15C6A-AEAE-4958-80EA-44062DF402E7}.Debug|Mixed Platforms.ActiveCfg = Debug|x86
		{25E15C6A-AEAE-4958-80EA-44062DF402E7}.Debug|x86.ActiveCfg = Debug|x86
		{25E15C6A-AEAE-4958-80EA-44062DF402E7}.Debug|x86.Build.0 = Debug|x86
		{25E15C6A-AEAE-4958-80EA-44062DF402E7}.InnoInstaller|Any CPU.ActiveCfg = InnoInstaller|x86
		{25E15C6A-AEAE-4958-80EA-44062DF402E7}.InnoInstaller|Mixed Platforms.ActiveCfg = InnoInstaller|x86
		{25E15C6A-AEAE-4958-80EA-44062DF402E7}.InnoInstaller|x86.ActiveCfg = InnoInstaller|x86
		{25E15C6A-AEAE-4958-80EA-44062DF402E7}.InnoInstaller|x86.Build.0 = InnoInstaller|x86
		{25E15C6A-AEAE-4958-80EA-44062DF402E7}.PublishBeta|Any CPU.ActiveCfg = Release|x86
		{25E15C6A-AEAE-4958-80EA-44062DF402E7}.PublishBeta|Mixed Platforms.ActiveCfg = Release|x86
		{25E15C6A-AEAE-4958-80EA-44062DF402E7}.PublishBeta|x86.ActiveCfg = Release|x86
		{25E15C6A-AEAE-4958-80EA-44062DF402E7}.PublishRelease|Any CPU.ActiveCfg = Release|x86
		{25E15C6A-AEAE-4958-80EA-44062DF402E7}.PublishRelease|Mixed Platforms.ActiveCfg = Release|x86
		{25E15C6A-AEAE-4958-80EA-44062DF402E7}.PublishRelease|x86.ActiveCfg = Release|x86
		{25E15C6A-AEAE-4958-80EA-44062DF402E7}.Release|Any CPU.ActiveCfg = Release|x86
		{25E15C6A-AEAE-4958-80EA-44062DF402E7}.Release|Mixed Platforms.ActiveCfg = Release|x86
		{25E15C6A-AEAE-4958-80EA-44062DF402E7}.Release|x86.ActiveCfg = Release|x86
		{25E15C6A-AEAE-4958-80EA-44062DF402E7}.Release|x86.Build.0 = Release|x86
		{6D8C3FE6-5855-4B6C-BD2B-51954342DBEE}.ConfuserExRelease|Any CPU.ActiveCfg = Release|x86
		{6D8C3FE6-5855-4B6C-BD2B-51954342DBEE}.ConfuserExRelease|Mixed Platforms.ActiveCfg = Release|x86
		{6D8C3FE6-5855-4B6C-BD2B-51954342DBEE}.ConfuserExRelease|Mixed Platforms.Build.0 = Release|x86
		{6D8C3FE6-5855-4B6C-BD2B-51954342DBEE}.ConfuserExRelease|x86.ActiveCfg = Release|x86
		{6D8C3FE6-5855-4B6C-BD2B-51954342DBEE}.ConfuserExRelease|x86.Build.0 = Release|x86
		{6D8C3FE6-5855-4B6C-BD2B-51954342DBEE}.Debug|Any CPU.ActiveCfg = Debug|x86
		{6D8C3FE6-5855-4B6C-BD2B-51954342DBEE}.Debug|Mixed Platforms.ActiveCfg = Debug|x86
		{6D8C3FE6-5855-4B6C-BD2B-51954342DBEE}.Debug|Mixed Platforms.Build.0 = Debug|x86
		{6D8C3FE6-5855-4B6C-BD2B-51954342DBEE}.Debug|x86.ActiveCfg = Debug|x86
		{6D8C3FE6-5855-4B6C-BD2B-51954342DBEE}.Debug|x86.Build.0 = Debug|x86
		{6D8C3FE6-5855-4B6C-BD2B-51954342DBEE}.InnoInstaller|Any CPU.ActiveCfg = Debug|x86
		{6D8C3FE6-5855-4B6C-BD2B-51954342DBEE}.InnoInstaller|Mixed Platforms.ActiveCfg = Release|x86
		{6D8C3FE6-5855-4B6C-BD2B-51954342DBEE}.InnoInstaller|Mixed Platforms.Build.0 = Release|x86
		{6D8C3FE6-5855-4B6C-BD2B-51954342DBEE}.InnoInstaller|x86.ActiveCfg = Release|x86
		{6D8C3FE6-5855-4B6C-BD2B-51954342DBEE}.InnoInstaller|x86.Build.0 = Release|x86
		{6D8C3FE6-5855-4B6C-BD2B-51954342DBEE}.PublishBeta|Any CPU.ActiveCfg = Debug|x86
		{6D8C3FE6-5855-4B6C-BD2B-51954342DBEE}.PublishBeta|Mixed Platforms.ActiveCfg = Release|x86
		{6D8C3FE6-5855-4B6C-BD2B-51954342DBEE}.PublishBeta|Mixed Platforms.Build.0 = Release|x86
		{6D8C3FE6-5855-4B6C-BD2B-51954342DBEE}.PublishBeta|x86.ActiveCfg = Release|x86
		{6D8C3FE6-5855-4B6C-BD2B-51954342DBEE}.PublishBeta|x86.Build.0 = Release|x86
		{6D8C3FE6-5855-4B6C-BD2B-51954342DBEE}.PublishRelease|Any CPU.ActiveCfg = Release|x86
		{6D8C3FE6-5855-4B6C-BD2B-51954342DBEE}.PublishRelease|Mixed Platforms.ActiveCfg = Release|x86
		{6D8C3FE6-5855-4B6C-BD2B-51954342DBEE}.PublishRelease|Mixed Platforms.Build.0 = Release|x86
		{6D8C3FE6-5855-4B6C-BD2B-51954342DBEE}.PublishRelease|x86.ActiveCfg = Release|x86
		{6D8C3FE6-5855-4B6C-BD2B-51954342DBEE}.PublishRelease|x86.Build.0 = Release|x86
		{6D8C3FE6-5855-4B6C-BD2B-51954342DBEE}.Release|Any CPU.ActiveCfg = Release|x86
		{6D8C3FE6-5855-4B6C-BD2B-51954342DBEE}.Release|Mixed Platforms.ActiveCfg = Release|x86
		{6D8C3FE6-5855-4B6C-BD2B-51954342DBEE}.Release|Mixed Platforms.Build.0 = Release|x86
		{6D8C3FE6-5855-4B6C-BD2B-51954342DBEE}.Release|x86.ActiveCfg = Release|x86
		{6D8C3FE6-5855-4B6C-BD2B-51954342DBEE}.Release|x86.Build.0 = Release|x86
		{2231C13A-14F6-478A-96D7-D1D3E1094CD6}.ConfuserExRelease|Any CPU.ActiveCfg = ConfuserExRelease|x86
		{2231C13A-14F6-478A-96D7-D1D3E1094CD6}.ConfuserExRelease|Mixed Platforms.ActiveCfg = ConfuserExRelease|x86
		{2231C13A-14F6-478A-96D7-D1D3E1094CD6}.ConfuserExRelease|Mixed Platforms.Build.0 = ConfuserExRelease|x86
		{2231C13A-14F6-478A-96D7-D1D3E1094CD6}.ConfuserExRelease|x86.ActiveCfg = ConfuserExRelease|x86
		{2231C13A-14F6-478A-96D7-D1D3E1094CD6}.ConfuserExRelease|x86.Build.0 = ConfuserExRelease|x86
		{2231C13A-14F6-478A-96D7-D1D3E1094CD6}.Debug|Any CPU.ActiveCfg = Debug|x86
		{2231C13A-14F6-478A-96D7-D1D3E1094CD6}.Debug|Mixed Platforms.ActiveCfg = Debug|x86
		{2231C13A-14F6-478A-96D7-D1D3E1094CD6}.Debug|Mixed Platforms.Build.0 = Debug|x86
		{2231C13A-14F6-478A-96D7-D1D3E1094CD6}.Debug|x86.ActiveCfg = Debug|x86
		{2231C13A-14F6-478A-96D7-D1D3E1094CD6}.Debug|x86.Build.0 = Debug|x86
		{2231C13A-14F6-478A-96D7-D1D3E1094CD6}.InnoInstaller|Any CPU.ActiveCfg = InnoInstaller|x86
		{2231C13A-14F6-478A-96D7-D1D3E1094CD6}.InnoInstaller|Mixed Platforms.ActiveCfg = InnoInstaller|x86
		{2231C13A-14F6-478A-96D7-D1D3E1094CD6}.InnoInstaller|Mixed Platforms.Build.0 = InnoInstaller|x86
		{2231C13A-14F6-478A-96D7-D1D3E1094CD6}.InnoInstaller|x86.ActiveCfg = InnoInstaller|x86
		{2231C13A-14F6-478A-96D7-D1D3E1094CD6}.InnoInstaller|x86.Build.0 = InnoInstaller|x86
		{2231C13A-14F6-478A-96D7-D1D3E1094CD6}.PublishBeta|Any CPU.ActiveCfg = PublishBeta|x86
		{2231C13A-14F6-478A-96D7-D1D3E1094CD6}.PublishBeta|Mixed Platforms.ActiveCfg = PublishBeta|x86
		{2231C13A-14F6-478A-96D7-D1D3E1094CD6}.PublishBeta|Mixed Platforms.Build.0 = PublishBeta|x86
		{2231C13A-14F6-478A-96D7-D1D3E1094CD6}.PublishBeta|x86.ActiveCfg = PublishBeta|x86
		{2231C13A-14F6-478A-96D7-D1D3E1094CD6}.PublishBeta|x86.Build.0 = PublishBeta|x86
		{2231C13A-14F6-478A-96D7-D1D3E1094CD6}.PublishRelease|Any CPU.ActiveCfg = PublishRelease|x86
		{2231C13A-14F6-478A-96D7-D1D3E1094CD6}.PublishRelease|Mixed Platforms.ActiveCfg = PublishRelease|x86
		{2231C13A-14F6-478A-96D7-D1D3E1094CD6}.PublishRelease|Mixed Platforms.Build.0 = PublishRelease|x86
		{2231C13A-14F6-478A-96D7-D1D3E1094CD6}.PublishRelease|x86.ActiveCfg = PublishRelease|x86
		{2231C13A-14F6-478A-96D7-D1D3E1094CD6}.PublishRelease|x86.Build.0 = PublishRelease|x86
		{2231C13A-14F6-478A-96D7-D1D3E1094CD6}.Release|Any CPU.ActiveCfg = Release|x86
		{2231C13A-14F6-478A-96D7-D1D3E1094CD6}.Release|Mixed Platforms.ActiveCfg = Release|x86
		{2231C13A-14F6-478A-96D7-D1D3E1094CD6}.Release|Mixed Platforms.Build.0 = Release|x86
		{2231C13A-14F6-478A-96D7-D1D3E1094CD6}.Release|x86.ActiveCfg = Release|x86
		{2231C13A-14F6-478A-96D7-D1D3E1094CD6}.Release|x86.Build.0 = Release|x86
		{0B5754DF-5812-4E92-9275-3E5D9180B172}.ConfuserExRelease|Any CPU.ActiveCfg = Release|Any CPU
		{0B5754DF-5812-4E92-9275-3E5D9180B172}.ConfuserExRelease|Any CPU.Build.0 = Release|Any CPU
		{0B5754DF-5812-4E92-9275-3E5D9180B172}.ConfuserExRelease|Mixed Platforms.ActiveCfg = Release|Any CPU
		{0B5754DF-5812-4E92-9275-3E5D9180B172}.ConfuserExRelease|Mixed Platforms.Build.0 = Release|Any CPU
		{0B5754DF-5812-4E92-9275-3E5D9180B172}.ConfuserExRelease|x86.ActiveCfg = Release|Any CPU
		{0B5754DF-5812-4E92-9275-3E5D9180B172}.Debug|Any CPU.ActiveCfg = Debug|Any CPU
		{0B5754DF-5812-4E92-9275-3E5D9180B172}.Debug|Any CPU.Build.0 = Debug|Any CPU
		{0B5754DF-5812-4E92-9275-3E5D9180B172}.Debug|Mixed Platforms.ActiveCfg = Debug|Any CPU
		{0B5754DF-5812-4E92-9275-3E5D9180B172}.Debug|Mixed Platforms.Build.0 = Debug|Any CPU
		{0B5754DF-5812-4E92-9275-3E5D9180B172}.Debug|x86.ActiveCfg = Debug|Any CPU
		{0B5754DF-5812-4E92-9275-3E5D9180B172}.InnoInstaller|Any CPU.ActiveCfg = Release|Any CPU
		{0B5754DF-5812-4E92-9275-3E5D9180B172}.InnoInstaller|Any CPU.Build.0 = Release|Any CPU
		{0B5754DF-5812-4E92-9275-3E5D9180B172}.InnoInstaller|Mixed Platforms.ActiveCfg = Release|Any CPU
		{0B5754DF-5812-4E92-9275-3E5D9180B172}.InnoInstaller|Mixed Platforms.Build.0 = Release|Any CPU
		{0B5754DF-5812-4E92-9275-3E5D9180B172}.InnoInstaller|x86.ActiveCfg = Release|Any CPU
		{0B5754DF-5812-4E92-9275-3E5D9180B172}.PublishBeta|Any CPU.ActiveCfg = Release|Any CPU
		{0B5754DF-5812-4E92-9275-3E5D9180B172}.PublishBeta|Any CPU.Build.0 = Release|Any CPU
		{0B5754DF-5812-4E92-9275-3E5D9180B172}.PublishBeta|Mixed Platforms.ActiveCfg = Release|Any CPU
		{0B5754DF-5812-4E92-9275-3E5D9180B172}.PublishBeta|Mixed Platforms.Build.0 = Release|Any CPU
		{0B5754DF-5812-4E92-9275-3E5D9180B172}.PublishBeta|x86.ActiveCfg = Release|Any CPU
		{0B5754DF-5812-4E92-9275-3E5D9180B172}.PublishRelease|Any CPU.ActiveCfg = Release|Any CPU
		{0B5754DF-5812-4E92-9275-3E5D9180B172}.PublishRelease|Any CPU.Build.0 = Release|Any CPU
		{0B5754DF-5812-4E92-9275-3E5D9180B172}.PublishRelease|Mixed Platforms.ActiveCfg = Release|Any CPU
		{0B5754DF-5812-4E92-9275-3E5D9180B172}.PublishRelease|Mixed Platforms.Build.0 = Release|Any CPU
		{0B5754DF-5812-4E92-9275-3E5D9180B172}.PublishRelease|x86.ActiveCfg = Release|Any CPU
		{0B5754DF-5812-4E92-9275-3E5D9180B172}.Release|Any CPU.ActiveCfg = Release|Any CPU
		{0B5754DF-5812-4E92-9275-3E5D9180B172}.Release|Any CPU.Build.0 = Release|Any CPU
		{0B5754DF-5812-4E92-9275-3E5D9180B172}.Release|Mixed Platforms.ActiveCfg = Release|Any CPU
		{0B5754DF-5812-4E92-9275-3E5D9180B172}.Release|Mixed Platforms.Build.0 = Release|Any CPU
		{0B5754DF-5812-4E92-9275-3E5D9180B172}.Release|x86.ActiveCfg = Release|Any CPU
		{E3A2283B-A2B8-46E5-AF49-DF6CD156EB0D}.ConfuserExRelease|Any CPU.ActiveCfg = Release|Any CPU
		{E3A2283B-A2B8-46E5-AF49-DF6CD156EB0D}.ConfuserExRelease|Any CPU.Build.0 = Release|Any CPU
		{E3A2283B-A2B8-46E5-AF49-DF6CD156EB0D}.ConfuserExRelease|Mixed Platforms.ActiveCfg = Release|Any CPU
		{E3A2283B-A2B8-46E5-AF49-DF6CD156EB0D}.ConfuserExRelease|Mixed Platforms.Build.0 = Release|Any CPU
		{E3A2283B-A2B8-46E5-AF49-DF6CD156EB0D}.ConfuserExRelease|x86.ActiveCfg = Release|Any CPU
		{E3A2283B-A2B8-46E5-AF49-DF6CD156EB0D}.Debug|Any CPU.ActiveCfg = Debug|Any CPU
		{E3A2283B-A2B8-46E5-AF49-DF6CD156EB0D}.Debug|Any CPU.Build.0 = Debug|Any CPU
		{E3A2283B-A2B8-46E5-AF49-DF6CD156EB0D}.Debug|Mixed Platforms.ActiveCfg = Debug|Any CPU
		{E3A2283B-A2B8-46E5-AF49-DF6CD156EB0D}.Debug|Mixed Platforms.Build.0 = Debug|Any CPU
		{E3A2283B-A2B8-46E5-AF49-DF6CD156EB0D}.Debug|x86.ActiveCfg = Debug|Any CPU
		{E3A2283B-A2B8-46E5-AF49-DF6CD156EB0D}.InnoInstaller|Any CPU.ActiveCfg = Release|Any CPU
		{E3A2283B-A2B8-46E5-AF49-DF6CD156EB0D}.InnoInstaller|Any CPU.Build.0 = Release|Any CPU
		{E3A2283B-A2B8-46E5-AF49-DF6CD156EB0D}.InnoInstaller|Mixed Platforms.ActiveCfg = Release|Any CPU
		{E3A2283B-A2B8-46E5-AF49-DF6CD156EB0D}.InnoInstaller|Mixed Platforms.Build.0 = Release|Any CPU
		{E3A2283B-A2B8-46E5-AF49-DF6CD156EB0D}.InnoInstaller|x86.ActiveCfg = Release|Any CPU
		{E3A2283B-A2B8-46E5-AF49-DF6CD156EB0D}.PublishBeta|Any CPU.ActiveCfg = Release|Any CPU
		{E3A2283B-A2B8-46E5-AF49-DF6CD156EB0D}.PublishBeta|Any CPU.Build.0 = Release|Any CPU
		{E3A2283B-A2B8-46E5-AF49-DF6CD156EB0D}.PublishBeta|Mixed Platforms.ActiveCfg = Release|Any CPU
		{E3A2283B-A2B8-46E5-AF49-DF6CD156EB0D}.PublishBeta|Mixed Platforms.Build.0 = Release|Any CPU
		{E3A2283B-A2B8-46E5-AF49-DF6CD156EB0D}.PublishBeta|x86.ActiveCfg = Release|Any CPU
		{E3A2283B-A2B8-46E5-AF49-DF6CD156EB0D}.PublishRelease|Any CPU.ActiveCfg = Release|Any CPU
		{E3A2283B-A2B8-46E5-AF49-DF6CD156EB0D}.PublishRelease|Any CPU.Build.0 = Release|Any CPU
		{E3A2283B-A2B8-46E5-AF49-DF6CD156EB0D}.PublishRelease|Mixed Platforms.ActiveCfg = Release|Any CPU
		{E3A2283B-A2B8-46E5-AF49-DF6CD156EB0D}.PublishRelease|Mixed Platforms.Build.0 = Release|Any CPU
		{E3A2283B-A2B8-46E5-AF49-DF6CD156EB0D}.PublishRelease|x86.ActiveCfg = Release|Any CPU
		{E3A2283B-A2B8-46E5-AF49-DF6CD156EB0D}.Release|Any CPU.ActiveCfg = Release|Any CPU
		{E3A2283B-A2B8-46E5-AF49-DF6CD156EB0D}.Release|Any CPU.Build.0 = Release|Any CPU
		{E3A2283B-A2B8-46E5-AF49-DF6CD156EB0D}.Release|Mixed Platforms.ActiveCfg = Release|Any CPU
		{E3A2283B-A2B8-46E5-AF49-DF6CD156EB0D}.Release|Mixed Platforms.Build.0 = Release|Any CPU
		{E3A2283B-A2B8-46E5-AF49-DF6CD156EB0D}.Release|x86.ActiveCfg = Release|Any CPU
		{9C36009D-1BB2-40FA-882A-094EA69B2C92}.ConfuserExRelease|Any CPU.ActiveCfg = Release|Any CPU
		{9C36009D-1BB2-40FA-882A-094EA69B2C92}.ConfuserExRelease|Any CPU.Build.0 = Release|Any CPU
		{9C36009D-1BB2-40FA-882A-094EA69B2C92}.ConfuserExRelease|Mixed Platforms.ActiveCfg = Release|Any CPU
		{9C36009D-1BB2-40FA-882A-094EA69B2C92}.ConfuserExRelease|x86.ActiveCfg = Release|Any CPU
		{9C36009D-1BB2-40FA-882A-094EA69B2C92}.Debug|Any CPU.ActiveCfg = Debug|Any CPU
		{9C36009D-1BB2-40FA-882A-094EA69B2C92}.Debug|Any CPU.Build.0 = Debug|Any CPU
		{9C36009D-1BB2-40FA-882A-094EA69B2C92}.Debug|Mixed Platforms.ActiveCfg = Debug|Any CPU
		{9C36009D-1BB2-40FA-882A-094EA69B2C92}.Debug|x86.ActiveCfg = Debug|Any CPU
		{9C36009D-1BB2-40FA-882A-094EA69B2C92}.InnoInstaller|Any CPU.ActiveCfg = Release|Any CPU
		{9C36009D-1BB2-40FA-882A-094EA69B2C92}.InnoInstaller|Any CPU.Build.0 = Release|Any CPU
		{9C36009D-1BB2-40FA-882A-094EA69B2C92}.InnoInstaller|Mixed Platforms.ActiveCfg = Release|Any CPU
		{9C36009D-1BB2-40FA-882A-094EA69B2C92}.InnoInstaller|x86.ActiveCfg = Release|Any CPU
		{9C36009D-1BB2-40FA-882A-094EA69B2C92}.PublishBeta|Any CPU.ActiveCfg = Release|Any CPU
		{9C36009D-1BB2-40FA-882A-094EA69B2C92}.PublishBeta|Any CPU.Build.0 = Release|Any CPU
		{9C36009D-1BB2-40FA-882A-094EA69B2C92}.PublishBeta|Mixed Platforms.ActiveCfg = Release|Any CPU
		{9C36009D-1BB2-40FA-882A-094EA69B2C92}.PublishBeta|x86.ActiveCfg = Release|Any CPU
		{9C36009D-1BB2-40FA-882A-094EA69B2C92}.PublishRelease|Any CPU.ActiveCfg = Release|Any CPU
		{9C36009D-1BB2-40FA-882A-094EA69B2C92}.PublishRelease|Any CPU.Build.0 = Release|Any CPU
		{9C36009D-1BB2-40FA-882A-094EA69B2C92}.PublishRelease|Mixed Platforms.ActiveCfg = Release|Any CPU
		{9C36009D-1BB2-40FA-882A-094EA69B2C92}.PublishRelease|x86.ActiveCfg = Release|Any CPU
		{9C36009D-1BB2-40FA-882A-094EA69B2C92}.Release|Any CPU.ActiveCfg = Release|Any CPU
		{9C36009D-1BB2-40FA-882A-094EA69B2C92}.Release|Any CPU.Build.0 = Release|Any CPU
		{9C36009D-1BB2-40FA-882A-094EA69B2C92}.Release|Mixed Platforms.ActiveCfg = Release|Any CPU
		{9C36009D-1BB2-40FA-882A-094EA69B2C92}.Release|x86.ActiveCfg = Release|Any CPU
	EndGlobalSection
	GlobalSection(SolutionProperties) = preSolution
		HideSolutionNode = FALSE
	EndGlobalSection
EndGlobal
