
Microsoft Visual Studio Solution File, Format Version 12.00
# Visual Studio 2013
VisualStudioVersion = 12.0.40629.0
MinimumVisualStudioVersion = 10.0.40219.1
Project("{FAE04EC0-301F-11D3-BF4B-00C04F79EFBC}") = "HtmlRenderer.WinForms", "HtmlRenderer.WinForms\HtmlRenderer.WinForms.csproj", "{1B058920-24B4-4140-8AE7-C8C6C38CA52D}"
EndProject
Project("{FAE04EC0-301F-11D3-BF4B-00C04F79EFBC}") = "HtmlRenderer", "HtmlRenderer\HtmlRenderer.csproj", "{FE611685-391F-4E3E-B27E-D3150E51E49B}"
EndProject
Global
	GlobalSection(SolutionConfigurationPlatforms) = preSolution
		Debug|Any CPU = Debug|Any CPU
		Debug|Mixed Platforms = Debug|Mixed Platforms
		Debug|x86 = Debug|x86
		Release|Any CPU = Release|Any CPU
		Release|Mixed Platforms = Release|Mixed Platforms
		Release|x86 = Release|x86
	EndGlobalSection
	GlobalSection(ProjectConfigurationPlatforms) = postSolution
		{1B058920-24B4-4140-8AE7-C8C6C38CA52D}.Debug|Any CPU.ActiveCfg = Debug|Any CPU
		{1B058920-24B4-4140-8AE7-C8C6C38CA52D}.Debug|Any CPU.Build.0 = Debug|Any CPU
		{1B058920-24B4-4140-8AE7-C8C6C38CA52D}.Debug|Mixed Platforms.ActiveCfg = Debug|Any CPU
		{1B058920-24B4-4140-8AE7-C8C6C38CA52D}.Debug|Mixed Platforms.Build.0 = Debug|Any CPU
		{1B058920-24B4-4140-8AE7-C8C6C38CA52D}.Debug|x86.ActiveCfg = Debug|Any CPU
		{1B058920-24B4-4140-8AE7-C8C6C38CA52D}.Release|Any CPU.ActiveCfg = Release|Any CPU
		{1B058920-24B4-4140-8AE7-C8C6C38CA52D}.Release|Any CPU.Build.0 = Release|Any CPU
		{1B058920-24B4-4140-8AE7-C8C6C38CA52D}.Release|Mixed Platforms.ActiveCfg = Release|Any CPU
		{1B058920-24B4-4140-8AE7-C8C6C38CA52D}.Release|Mixed Platforms.Build.0 = Release|Any CPU
		{1B058920-24B4-4140-8AE7-C8C6C38CA52D}.Release|x86.ActiveCfg = Release|Any CPU
		{FE611685-391F-4E3E-B27E-D3150E51E49B}.Debug|Any CPU.ActiveCfg = Debug|Any CPU
		{FE611685-391F-4E3E-B27E-D3150E51E49B}.Debug|Any CPU.Build.0 = Debug|Any CPU
		{FE611685-391F-4E3E-B27E-D3150E51E49B}.Debug|Mixed Platforms.ActiveCfg = Debug|Any CPU
		{FE611685-391F-4E3E-B27E-D3150E51E49B}.Debug|Mixed Platforms.Build.0 = Debug|Any CPU
		{FE611685-391F-4E3E-B27E-D3150E51E49B}.Debug|x86.ActiveCfg = Debug|Any CPU
		{FE611685-391F-4E3E-B27E-D3150E51E49B}.Release|Any CPU.ActiveCfg = Release|Any CPU
		{FE611685-391F-4E3E-B27E-D3150E51E49B}.Release|Any CPU.Build.0 = Release|Any CPU
		{FE611685-391F-4E3E-B27E-D3150E51E49B}.Release|Mixed Platforms.ActiveCfg = Release|Any CPU
		{FE611685-391F-4E3E-B27E-D3150E51E49B}.Release|Mixed Platforms.Build.0 = Release|Any CPU
		{FE611685-391F-4E3E-B27E-D3150E51E49B}.Release|x86.ActiveCfg = Release|Any CPU
	EndGlobalSection
	GlobalSection(SolutionProperties) = preSolution
		HideSolutionNode = FALSE
	EndGlobalSection
EndGlobal
